// !$*UTF8*$!
{
	archiveVersion = 1;
	classes = {
	};
	objectVersion = 46;
	objects = {

/* Begin PBXBuildFile section */
		0206AE071B1235490095C52F /* DKRuntime+Metadata.c in Sources */ = {isa = PBXBuildFile; fileRef = 0206AE051B1235490095C52F /* DKRuntime+Metadata.c */; };
		0206AE081B1235490095C52F /* DKRuntime+Metadata.c in Sources */ = {isa = PBXBuildFile; fileRef = 0206AE051B1235490095C52F /* DKRuntime+Metadata.c */; };
		0206AE091B1235490095C52F /* DKRuntime+Metadata.h in Headers */ = {isa = PBXBuildFile; fileRef = 0206AE061B1235490095C52F /* DKRuntime+Metadata.h */; settings = {ATTRIBUTES = (Public, ); }; };
		0206AE0A1B1235490095C52F /* DKRuntime+Metadata.h in Headers */ = {isa = PBXBuildFile; fileRef = 0206AE061B1235490095C52F /* DKRuntime+Metadata.h */; settings = {ATTRIBUTES = (Public, ); }; };
		021283201C244F9A00B7C3A7 /* DKConversion.c in Sources */ = {isa = PBXBuildFile; fileRef = 0212831E1C244F9A00B7C3A7 /* DKConversion.c */; };
		021283211C244F9A00B7C3A7 /* DKConversion.c in Sources */ = {isa = PBXBuildFile; fileRef = 0212831E1C244F9A00B7C3A7 /* DKConversion.c */; };
		021283231C244F9A00B7C3A7 /* DKConversion.h in Headers */ = {isa = PBXBuildFile; fileRef = 0212831F1C244F9A00B7C3A7 /* DKConversion.h */; settings = {ATTRIBUTES = (Public, ); }; };
		021808771C3A323200989024 /* COPYING in Resources */ = {isa = PBXBuildFile; fileRef = 021808741C3A323200989024 /* COPYING */; };
		021808781C3A323200989024 /* COPYING in Resources */ = {isa = PBXBuildFile; fileRef = 021808741C3A323200989024 /* COPYING */; };
		021808791C3A323200989024 /* yxml.c in Sources */ = {isa = PBXBuildFile; fileRef = 021808751C3A323200989024 /* yxml.c */; };
		0218087A1C3A323200989024 /* yxml.c in Sources */ = {isa = PBXBuildFile; fileRef = 021808751C3A323200989024 /* yxml.c */; };
		02393EBC1C3EFE15009E8731 /* DKXML.c in Sources */ = {isa = PBXBuildFile; fileRef = 02393EBA1C3EFE15009E8731 /* DKXML.c */; };
		02393EBD1C3EFE15009E8731 /* DKXML.h in Headers */ = {isa = PBXBuildFile; fileRef = 02393EBB1C3EFE15009E8731 /* DKXML.h */; settings = {ATTRIBUTES = (Public, ); }; };
		02393EBF1C3F16BB009E8731 /* test.xml in Resources */ = {isa = PBXBuildFile; fileRef = 02393EBE1C3F16BB009E8731 /* test.xml */; };
		02393EC11C3F16F6009E8731 /* TestDKXML.m in Sources */ = {isa = PBXBuildFile; fileRef = 02393EC01C3F16F6009E8731 /* TestDKXML.m */; };
		02393EC31C3F1999009E8731 /* DKXML.h in Headers */ = {isa = PBXBuildFile; fileRef = 02393EBB1C3EFE15009E8731 /* DKXML.h */; settings = {ATTRIBUTES = (Public, ); }; };
		02393EC41C3F19F0009E8731 /* yxml.h in Headers */ = {isa = PBXBuildFile; fileRef = 021808761C3A323200989024 /* yxml.h */; };
		02393EC51C3F19FE009E8731 /* yxml.h in Headers */ = {isa = PBXBuildFile; fileRef = 021808761C3A323200989024 /* yxml.h */; };
		025D78031C245CB7005C56A4 /* DKConversion.h in Headers */ = {isa = PBXBuildFile; fileRef = 0212831F1C244F9A00B7C3A7 /* DKConversion.h */; settings = {ATTRIBUTES = (Public, ); }; };
		026911C81C51E72A00432EAC /* DKXML.c in Sources */ = {isa = PBXBuildFile; fileRef = 02393EBA1C3EFE15009E8731 /* DKXML.c */; };
		026FBD181C309B5F00C96822 /* DKThreadPool.c in Sources */ = {isa = PBXBuildFile; fileRef = 026FBD161C309B5F00C96822 /* DKThreadPool.c */; };
		026FBD191C309B5F00C96822 /* DKThreadPool.c in Sources */ = {isa = PBXBuildFile; fileRef = 026FBD161C309B5F00C96822 /* DKThreadPool.c */; };
		026FBD1A1C309B5F00C96822 /* DKThreadPool.h in Headers */ = {isa = PBXBuildFile; fileRef = 026FBD171C309B5F00C96822 /* DKThreadPool.h */; settings = {ATTRIBUTES = (Public, ); }; };
		026FBD1B1C309B5F00C96822 /* DKThreadPool.h in Headers */ = {isa = PBXBuildFile; fileRef = 026FBD171C309B5F00C96822 /* DKThreadPool.h */; settings = {ATTRIBUTES = (Public, ); }; };
		028F1A941B0DCA86006FDFDF /* Duck.framework in Frameworks */ = {isa = PBXBuildFile; fileRef = 028F1A891B0DCA85006FDFDF /* Duck.framework */; };
		028F1AA21B0DCBBB006FDFDF /* Duck.h in Headers */ = {isa = PBXBuildFile; fileRef = 0269BF4A19D856BC002E876C /* Duck.h */; settings = {ATTRIBUTES = (Public, ); }; };
		028F1AA31B0DCBBB006FDFDF /* DKConfig.h in Headers */ = {isa = PBXBuildFile; fileRef = 0269BF1919D85669002E876C /* DKConfig.h */; settings = {ATTRIBUTES = (Public, ); }; };
		028F1AA41B0DCBBB006FDFDF /* DKPlatform.h in Headers */ = {isa = PBXBuildFile; fileRef = 0269BF2619D85669002E876C /* DKPlatform.h */; settings = {ATTRIBUTES = (Public, ); }; };
		028F1AA51B0DCBBB006FDFDF /* DKRuntime.h in Headers */ = {isa = PBXBuildFile; fileRef = 0269BF2919D85669002E876C /* DKRuntime.h */; settings = {ATTRIBUTES = (Public, ); }; };
		028F1AA61B0DCBBB006FDFDF /* DKRuntime+Interfaces.h in Headers */ = {isa = PBXBuildFile; fileRef = 02D5F50C19DBE79F00D2F52A /* DKRuntime+Interfaces.h */; settings = {ATTRIBUTES = (Public, ); }; };
		028F1AA71B0DCBBB006FDFDF /* DKRuntime+Properties.h in Headers */ = {isa = PBXBuildFile; fileRef = 0269BF2819D85669002E876C /* DKRuntime+Properties.h */; settings = {ATTRIBUTES = (Public, ); }; };
		028F1AA81B0DCBBB006FDFDF /* DKRuntime+RefCount.h in Headers */ = {isa = PBXBuildFile; fileRef = 02D051CB19DDF32000827660 /* DKRuntime+RefCount.h */; settings = {ATTRIBUTES = (Public, ); }; };
		028F1AA91B0DCBBB006FDFDF /* DKRuntime+Reflection.h in Headers */ = {isa = PBXBuildFile; fileRef = 023A719E19DADCE20088CDD9 /* DKRuntime+Reflection.h */; settings = {ATTRIBUTES = (Public, ); }; };
		028F1AAA1B0DCBBB006FDFDF /* DKAllocation.h in Headers */ = {isa = PBXBuildFile; fileRef = 02D051D619DE32CB00827660 /* DKAllocation.h */; settings = {ATTRIBUTES = (Public, ); }; };
		028F1AAB1B0DCBBB006FDFDF /* DKComparison.h in Headers */ = {isa = PBXBuildFile; fileRef = 02D051D019DE2FA300827660 /* DKComparison.h */; settings = {ATTRIBUTES = (Public, ); }; };
		028F1AAC1B0DCBBB006FDFDF /* DKCopying.h in Headers */ = {isa = PBXBuildFile; fileRef = 02D051DB19DE345100827660 /* DKCopying.h */; settings = {ATTRIBUTES = (Public, ); }; };
		028F1AAD1B0DCBBB006FDFDF /* DKDescription.h in Headers */ = {isa = PBXBuildFile; fileRef = 02D051E019DE39D700827660 /* DKDescription.h */; settings = {ATTRIBUTES = (Public, ); }; };
		028F1AAE1B0DCBBB006FDFDF /* DKLocking.h in Headers */ = {isa = PBXBuildFile; fileRef = 023B128119E0C25800B2D683 /* DKLocking.h */; settings = {ATTRIBUTES = (Public, ); }; };
		028F1AAF1B0DCBBB006FDFDF /* DKStream.h in Headers */ = {isa = PBXBuildFile; fileRef = 0269BF2B19D85669002E876C /* DKStream.h */; settings = {ATTRIBUTES = (Public, ); }; };
		028F1AB01B0DCBBB006FDFDF /* DKArray.h in Headers */ = {isa = PBXBuildFile; fileRef = 0269BF1519D85669002E876C /* DKArray.h */; settings = {ATTRIBUTES = (Public, ); }; };
		028F1AB11B0DCBBB006FDFDF /* DKBinaryTree.h in Headers */ = {isa = PBXBuildFile; fileRef = 0269BF1619D85669002E876C /* DKBinaryTree.h */; settings = {ATTRIBUTES = (Public, ); }; };
		028F1AB21B0DCBBB006FDFDF /* DKCollection.h in Headers */ = {isa = PBXBuildFile; fileRef = 0269BF1819D85669002E876C /* DKCollection.h */; settings = {ATTRIBUTES = (Public, ); }; };
		028F1AB31B0DCBBB006FDFDF /* DKDictionary.h in Headers */ = {isa = PBXBuildFile; fileRef = 0269BF1B19D85669002E876C /* DKDictionary.h */; settings = {ATTRIBUTES = (Public, ); }; };
		028F1AB41B0DCBBB006FDFDF /* DKHashTable.h in Headers */ = {isa = PBXBuildFile; fileRef = 0269BF2119D85669002E876C /* DKHashTable.h */; settings = {ATTRIBUTES = (Public, ); }; };
		028F1AB51B0DCBBB006FDFDF /* DKLinkedList.h in Headers */ = {isa = PBXBuildFile; fileRef = 0269BF2219D85669002E876C /* DKLinkedList.h */; settings = {ATTRIBUTES = (Public, ); }; };
		028F1AB61B0DCBBB006FDFDF /* DKList.h in Headers */ = {isa = PBXBuildFile; fileRef = 0269BF2319D85669002E876C /* DKList.h */; settings = {ATTRIBUTES = (Public, ); }; };
		028F1AB71B0DCBBB006FDFDF /* DKSet.h in Headers */ = {isa = PBXBuildFile; fileRef = 0269BF2A19D85669002E876C /* DKSet.h */; settings = {ATTRIBUTES = (Public, ); }; };
		028F1AB81B0DCBBB006FDFDF /* DKBoolean.h in Headers */ = {isa = PBXBuildFile; fileRef = 020482A91AC6972B00936FA1 /* DKBoolean.h */; settings = {ATTRIBUTES = (Public, ); }; };
		028F1AB91B0DCBBB006FDFDF /* DKData.h in Headers */ = {isa = PBXBuildFile; fileRef = 0269BF1A19D85669002E876C /* DKData.h */; settings = {ATTRIBUTES = (Public, ); }; };
		028F1ABA1B0DCBBB006FDFDF /* DKNumber.h in Headers */ = {isa = PBXBuildFile; fileRef = 0269BF2519D85669002E876C /* DKNumber.h */; settings = {ATTRIBUTES = (Public, ); }; };
		028F1ABB1B0DCBBB006FDFDF /* DKString.h in Headers */ = {isa = PBXBuildFile; fileRef = 0269BF2C19D85669002E876C /* DKString.h */; settings = {ATTRIBUTES = (Public, ); }; };
		028F1ABC1B0DCBBB006FDFDF /* DKStruct.h in Headers */ = {isa = PBXBuildFile; fileRef = 0269BF2D19D85669002E876C /* DKStruct.h */; settings = {ATTRIBUTES = (Public, ); }; };
		028F1ABD1B0DCBBB006FDFDF /* DKByteArray.h in Headers */ = {isa = PBXBuildFile; fileRef = 0269BF1719D85669002E876C /* DKByteArray.h */; settings = {ATTRIBUTES = (Public, ); }; };
		028F1ABE1B0DCBBB006FDFDF /* DKGenericArray.h in Headers */ = {isa = PBXBuildFile; fileRef = 0269BF1F19D85669002E876C /* DKGenericArray.h */; settings = {ATTRIBUTES = (Public, ); }; };
		028F1ABF1B0DCBBB006FDFDF /* DKGenericHashTable.h in Headers */ = {isa = PBXBuildFile; fileRef = 0269BF2019D85669002E876C /* DKGenericHashTable.h */; settings = {ATTRIBUTES = (Public, ); }; };
		028F1AC01B0DCBBB006FDFDF /* DKNodePool.h in Headers */ = {isa = PBXBuildFile; fileRef = 0269BF2419D85669002E876C /* DKNodePool.h */; settings = {ATTRIBUTES = (Public, ); }; };
		028F1AC11B0DCBBB006FDFDF /* DKEgg.h in Headers */ = {isa = PBXBuildFile; fileRef = 0269BF1C19D85669002E876C /* DKEgg.h */; settings = {ATTRIBUTES = (Public, ); }; };
		028F1AC21B0DCBBB006FDFDF /* DKEncoding.h in Headers */ = {isa = PBXBuildFile; fileRef = 0269BF1D19D85669002E876C /* DKEncoding.h */; settings = {ATTRIBUTES = (Public, ); }; };
		028F1AC31B0DCBBB006FDFDF /* DKFile.h in Headers */ = {isa = PBXBuildFile; fileRef = 0269BF1E19D85669002E876C /* DKFile.h */; settings = {ATTRIBUTES = (Public, ); }; };
		028F1AC41B0DCBBB006FDFDF /* DKJSON.h in Headers */ = {isa = PBXBuildFile; fileRef = 02A25AFC1AC3D1B600D97B11 /* DKJSON.h */; settings = {ATTRIBUTES = (Public, ); }; };
		028F1AC51B0DCBBB006FDFDF /* DKPredicate.h in Headers */ = {isa = PBXBuildFile; fileRef = 0269BF2719D85669002E876C /* DKPredicate.h */; settings = {ATTRIBUTES = (Public, ); }; };
		028F1AC61B0DCBBB006FDFDF /* DKThread.h in Headers */ = {isa = PBXBuildFile; fileRef = 021E0E1619E1A5B200ECD817 /* DKThread.h */; settings = {ATTRIBUTES = (Public, ); }; };
		028F1AC71B0DCBBB006FDFDF /* DKUnicode.h in Headers */ = {isa = PBXBuildFile; fileRef = 0269BF2E19D85669002E876C /* DKUnicode.h */; settings = {ATTRIBUTES = (Public, ); }; };
		028F1AC81B0DCC05006FDFDF /* DKPlatform.c in Sources */ = {isa = PBXBuildFile; fileRef = 025C0F5418EFED97000344C0 /* DKPlatform.c */; };
		028F1AC91B0DCC05006FDFDF /* DKRuntime.c in Sources */ = {isa = PBXBuildFile; fileRef = 025C0F5718EFED97000344C0 /* DKRuntime.c */; };
		028F1ACA1B0DCC05006FDFDF /* DKRuntime+Interfaces.c in Sources */ = {isa = PBXBuildFile; fileRef = 02D5F50B19DBE79F00D2F52A /* DKRuntime+Interfaces.c */; };
		028F1ACB1B0DCC05006FDFDF /* DKRuntime+Properties.c in Sources */ = {isa = PBXBuildFile; fileRef = 02083FA018F3BC2200EEBBAC /* DKRuntime+Properties.c */; };
		028F1ACC1B0DCC05006FDFDF /* DKRuntime+RefCount.c in Sources */ = {isa = PBXBuildFile; fileRef = 02D051CA19DDF32000827660 /* DKRuntime+RefCount.c */; };
		028F1ACD1B0DCC05006FDFDF /* DKRuntime+Reflection.c in Sources */ = {isa = PBXBuildFile; fileRef = 023A719D19DADCE20088CDD9 /* DKRuntime+Reflection.c */; };
		028F1ACE1B0DCC05006FDFDF /* DKAllocation.c in Sources */ = {isa = PBXBuildFile; fileRef = 02D051D519DE32CB00827660 /* DKAllocation.c */; };
		028F1ACF1B0DCC05006FDFDF /* DKComparison.c in Sources */ = {isa = PBXBuildFile; fileRef = 02D051CF19DE2FA300827660 /* DKComparison.c */; };
		028F1AD01B0DCC05006FDFDF /* DKCopying.c in Sources */ = {isa = PBXBuildFile; fileRef = 02D051DA19DE345100827660 /* DKCopying.c */; };
		028F1AD11B0DCC05006FDFDF /* DKDescription.c in Sources */ = {isa = PBXBuildFile; fileRef = 02D051DF19DE39D700827660 /* DKDescription.c */; };
		028F1AD21B0DCC05006FDFDF /* DKLocking.c in Sources */ = {isa = PBXBuildFile; fileRef = 023B128019E0C25800B2D683 /* DKLocking.c */; };
		028F1AD31B0DCC05006FDFDF /* DKStream.c in Sources */ = {isa = PBXBuildFile; fileRef = 025C0F5818EFED97000344C0 /* DKStream.c */; };
		028F1AD41B0DCC05006FDFDF /* DKArray.c in Sources */ = {isa = PBXBuildFile; fileRef = 025C0F4818EFED96000344C0 /* DKArray.c */; };
		028F1AD51B0DCC05006FDFDF /* DKBinaryTree.c in Sources */ = {isa = PBXBuildFile; fileRef = 025C0F4918EFED96000344C0 /* DKBinaryTree.c */; };
		028F1AD61B0DCC05006FDFDF /* DKCollection.c in Sources */ = {isa = PBXBuildFile; fileRef = 02083F9B18F2615E00EEBBAC /* DKCollection.c */; };
		028F1AD71B0DCC05006FDFDF /* DKDictionary.c in Sources */ = {isa = PBXBuildFile; fileRef = 025C0F4D18EFED96000344C0 /* DKDictionary.c */; };
		028F1AD81B0DCC05006FDFDF /* DKHashTable.c in Sources */ = {isa = PBXBuildFile; fileRef = 025C0F4F18EFED96000344C0 /* DKHashTable.c */; };
		028F1AD91B0DCC05006FDFDF /* DKLinkedList.c in Sources */ = {isa = PBXBuildFile; fileRef = 025C0F5018EFED96000344C0 /* DKLinkedList.c */; };
		028F1ADA1B0DCC05006FDFDF /* DKList.c in Sources */ = {isa = PBXBuildFile; fileRef = 025C0F5118EFED96000344C0 /* DKList.c */; };
		028F1ADB1B0DCC05006FDFDF /* DKSet.c in Sources */ = {isa = PBXBuildFile; fileRef = 02083F9618F1E4EF00EEBBAC /* DKSet.c */; };
		028F1ADC1B0DCC05006FDFDF /* DKBoolean.c in Sources */ = {isa = PBXBuildFile; fileRef = 020482A81AC6972B00936FA1 /* DKBoolean.c */; };
		028F1ADD1B0DCC05006FDFDF /* DKData.c in Sources */ = {isa = PBXBuildFile; fileRef = 025C0F4C18EFED96000344C0 /* DKData.c */; };
		028F1ADE1B0DCC05006FDFDF /* DKNumber.c in Sources */ = {isa = PBXBuildFile; fileRef = 025C0F5318EFED96000344C0 /* DKNumber.c */; };
		028F1ADF1B0DCC05006FDFDF /* DKString.c in Sources */ = {isa = PBXBuildFile; fileRef = 025C0F5918EFED97000344C0 /* DKString.c */; };
		028F1AE01B0DCC05006FDFDF /* DKStruct.c in Sources */ = {isa = PBXBuildFile; fileRef = 02083FA518F4A86700EEBBAC /* DKStruct.c */; };
		028F1AE11B0DCC05006FDFDF /* DKByteArray.c in Sources */ = {isa = PBXBuildFile; fileRef = 025C0F4A18EFED96000344C0 /* DKByteArray.c */; };
		028F1AE21B0DCC05006FDFDF /* DKGenericArray.c in Sources */ = {isa = PBXBuildFile; fileRef = 025C0F5618EFED97000344C0 /* DKGenericArray.c */; };
		028F1AE31B0DCC05006FDFDF /* DKGenericHashTable.c in Sources */ = {isa = PBXBuildFile; fileRef = 02BD1E141946C5CC00F35A5B /* DKGenericHashTable.c */; };
		028F1AE41B0DCC05006FDFDF /* DKNodePool.c in Sources */ = {isa = PBXBuildFile; fileRef = 025C0F5218EFED96000344C0 /* DKNodePool.c */; };
		028F1AE51B0DCC05006FDFDF /* DKEgg.c in Sources */ = {isa = PBXBuildFile; fileRef = 02624EBF190366C50023B3EE /* DKEgg.c */; };
		028F1AE61B0DCC05006FDFDF /* DKEncoding.c in Sources */ = {isa = PBXBuildFile; fileRef = 02DE16DE195E7ACB007D241D /* DKEncoding.c */; };
		028F1AE71B0DCC05006FDFDF /* DKFile.c in Sources */ = {isa = PBXBuildFile; fileRef = 025C0F4E18EFED96000344C0 /* DKFile.c */; };
		028F1AE81B0DCC05006FDFDF /* DKJSON.c in Sources */ = {isa = PBXBuildFile; fileRef = 02A25AFB1AC3D1B600D97B11 /* DKJSON.c */; };
		028F1AE91B0DCC05006FDFDF /* DKPredicate.c in Sources */ = {isa = PBXBuildFile; fileRef = 028F5CE619CF59B900CF4D47 /* DKPredicate.c */; };
		028F1AEA1B0DCC05006FDFDF /* DKThread.c in Sources */ = {isa = PBXBuildFile; fileRef = 021E0E1519E1A5B200ECD817 /* DKThread.c */; };
		028F1AEB1B0DCC05006FDFDF /* DKUnicode.c in Sources */ = {isa = PBXBuildFile; fileRef = 025C0F5A18EFED97000344C0 /* DKUnicode.c */; };
		028F1AEC1B0DCC05006FDFDF /* utf_impl.c in Sources */ = {isa = PBXBuildFile; fileRef = 021EC2B718F0774B004148AD /* utf_impl.c */; };
		028F1AF01B0E639C006FDFDF /* TestDKEgg.m in Sources */ = {isa = PBXBuildFile; fileRef = 0208A643190576130041677A /* TestDKEgg.m */; };
		028F1AF11B0E639C006FDFDF /* TestDKData.m in Sources */ = {isa = PBXBuildFile; fileRef = 025C0F9618EFEE5D000344C0 /* TestDKData.m */; };
		028F1AF21B0E639C006FDFDF /* TestDKDictionary.m in Sources */ = {isa = PBXBuildFile; fileRef = 025C0F9718EFEE5D000344C0 /* TestDKDictionary.m */; };
		028F1AF31B0E639C006FDFDF /* TestDKList.m in Sources */ = {isa = PBXBuildFile; fileRef = 025C0F9818EFEE5D000344C0 /* TestDKList.m */; };
		028F1AF41B0E639C006FDFDF /* TestDKNumber.m in Sources */ = {isa = PBXBuildFile; fileRef = 025C0F9918EFEE5D000344C0 /* TestDKNumber.m */; };
		028F1AF51B0E639C006FDFDF /* TestDKPredicate.m in Sources */ = {isa = PBXBuildFile; fileRef = 023098FD19D53E7F00C3DB59 /* TestDKPredicate.m */; };
		028F1AF61B0E639D006FDFDF /* TestDKProperty.m in Sources */ = {isa = PBXBuildFile; fileRef = 02083FA218F3C49E00EEBBAC /* TestDKProperty.m */; };
		028F1AF71B0E639D006FDFDF /* TestDKRuntime.m in Sources */ = {isa = PBXBuildFile; fileRef = 025C0F9A18EFEE5D000344C0 /* TestDKRuntime.m */; };
		028F1AF81B0E639D006FDFDF /* TestDKSet.m in Sources */ = {isa = PBXBuildFile; fileRef = 02083F9818F1EDBE00EEBBAC /* TestDKSet.m */; };
		028F1AF91B0E639D006FDFDF /* TestDKString.m in Sources */ = {isa = PBXBuildFile; fileRef = 025C0F9B18EFEE5D000344C0 /* TestDKString.m */; };
		028F1AFA1B0E63A5006FDFDF /* dictionary.txt in Resources */ = {isa = PBXBuildFile; fileRef = 02A54D271B08C4D600D00EEE /* dictionary.txt */; };
		028F1B191B0E6BC9006FDFDF /* DKPlatform.c in Sources */ = {isa = PBXBuildFile; fileRef = 025C0F5418EFED97000344C0 /* DKPlatform.c */; };
		028F1B1A1B0E6BC9006FDFDF /* DKRuntime.c in Sources */ = {isa = PBXBuildFile; fileRef = 025C0F5718EFED97000344C0 /* DKRuntime.c */; };
		028F1B1B1B0E6BC9006FDFDF /* DKRuntime+Interfaces.c in Sources */ = {isa = PBXBuildFile; fileRef = 02D5F50B19DBE79F00D2F52A /* DKRuntime+Interfaces.c */; };
		028F1B1C1B0E6BC9006FDFDF /* DKRuntime+Properties.c in Sources */ = {isa = PBXBuildFile; fileRef = 02083FA018F3BC2200EEBBAC /* DKRuntime+Properties.c */; };
		028F1B1D1B0E6BC9006FDFDF /* DKRuntime+RefCount.c in Sources */ = {isa = PBXBuildFile; fileRef = 02D051CA19DDF32000827660 /* DKRuntime+RefCount.c */; };
		028F1B1E1B0E6BC9006FDFDF /* DKRuntime+Reflection.c in Sources */ = {isa = PBXBuildFile; fileRef = 023A719D19DADCE20088CDD9 /* DKRuntime+Reflection.c */; };
		028F1B1F1B0E6BC9006FDFDF /* DKAllocation.c in Sources */ = {isa = PBXBuildFile; fileRef = 02D051D519DE32CB00827660 /* DKAllocation.c */; };
		028F1B201B0E6BC9006FDFDF /* DKComparison.c in Sources */ = {isa = PBXBuildFile; fileRef = 02D051CF19DE2FA300827660 /* DKComparison.c */; };
		028F1B211B0E6BC9006FDFDF /* DKCopying.c in Sources */ = {isa = PBXBuildFile; fileRef = 02D051DA19DE345100827660 /* DKCopying.c */; };
		028F1B221B0E6BC9006FDFDF /* DKDescription.c in Sources */ = {isa = PBXBuildFile; fileRef = 02D051DF19DE39D700827660 /* DKDescription.c */; };
		028F1B231B0E6BC9006FDFDF /* DKLocking.c in Sources */ = {isa = PBXBuildFile; fileRef = 023B128019E0C25800B2D683 /* DKLocking.c */; };
		028F1B241B0E6BC9006FDFDF /* DKStream.c in Sources */ = {isa = PBXBuildFile; fileRef = 025C0F5818EFED97000344C0 /* DKStream.c */; };
		028F1B251B0E6BC9006FDFDF /* DKArray.c in Sources */ = {isa = PBXBuildFile; fileRef = 025C0F4818EFED96000344C0 /* DKArray.c */; };
		028F1B261B0E6BC9006FDFDF /* DKBinaryTree.c in Sources */ = {isa = PBXBuildFile; fileRef = 025C0F4918EFED96000344C0 /* DKBinaryTree.c */; };
		028F1B271B0E6BC9006FDFDF /* DKCollection.c in Sources */ = {isa = PBXBuildFile; fileRef = 02083F9B18F2615E00EEBBAC /* DKCollection.c */; };
		028F1B281B0E6BC9006FDFDF /* DKDictionary.c in Sources */ = {isa = PBXBuildFile; fileRef = 025C0F4D18EFED96000344C0 /* DKDictionary.c */; };
		028F1B291B0E6BC9006FDFDF /* DKHashTable.c in Sources */ = {isa = PBXBuildFile; fileRef = 025C0F4F18EFED96000344C0 /* DKHashTable.c */; };
		028F1B2A1B0E6BC9006FDFDF /* DKLinkedList.c in Sources */ = {isa = PBXBuildFile; fileRef = 025C0F5018EFED96000344C0 /* DKLinkedList.c */; };
		028F1B2B1B0E6BC9006FDFDF /* DKList.c in Sources */ = {isa = PBXBuildFile; fileRef = 025C0F5118EFED96000344C0 /* DKList.c */; };
		028F1B2C1B0E6BC9006FDFDF /* DKSet.c in Sources */ = {isa = PBXBuildFile; fileRef = 02083F9618F1E4EF00EEBBAC /* DKSet.c */; };
		028F1B2D1B0E6BC9006FDFDF /* DKBoolean.c in Sources */ = {isa = PBXBuildFile; fileRef = 020482A81AC6972B00936FA1 /* DKBoolean.c */; };
		028F1B2E1B0E6BC9006FDFDF /* DKData.c in Sources */ = {isa = PBXBuildFile; fileRef = 025C0F4C18EFED96000344C0 /* DKData.c */; };
		028F1B2F1B0E6BC9006FDFDF /* DKNumber.c in Sources */ = {isa = PBXBuildFile; fileRef = 025C0F5318EFED96000344C0 /* DKNumber.c */; };
		028F1B301B0E6BC9006FDFDF /* DKString.c in Sources */ = {isa = PBXBuildFile; fileRef = 025C0F5918EFED97000344C0 /* DKString.c */; };
		028F1B311B0E6BC9006FDFDF /* DKStruct.c in Sources */ = {isa = PBXBuildFile; fileRef = 02083FA518F4A86700EEBBAC /* DKStruct.c */; };
		028F1B321B0E6BC9006FDFDF /* DKByteArray.c in Sources */ = {isa = PBXBuildFile; fileRef = 025C0F4A18EFED96000344C0 /* DKByteArray.c */; };
		028F1B331B0E6BC9006FDFDF /* DKGenericArray.c in Sources */ = {isa = PBXBuildFile; fileRef = 025C0F5618EFED97000344C0 /* DKGenericArray.c */; };
		028F1B341B0E6BC9006FDFDF /* DKGenericHashTable.c in Sources */ = {isa = PBXBuildFile; fileRef = 02BD1E141946C5CC00F35A5B /* DKGenericHashTable.c */; };
		028F1B351B0E6BC9006FDFDF /* DKNodePool.c in Sources */ = {isa = PBXBuildFile; fileRef = 025C0F5218EFED96000344C0 /* DKNodePool.c */; };
		028F1B361B0E6BC9006FDFDF /* DKEgg.c in Sources */ = {isa = PBXBuildFile; fileRef = 02624EBF190366C50023B3EE /* DKEgg.c */; };
		028F1B371B0E6BCA006FDFDF /* DKEncoding.c in Sources */ = {isa = PBXBuildFile; fileRef = 02DE16DE195E7ACB007D241D /* DKEncoding.c */; };
		028F1B381B0E6BCA006FDFDF /* DKFile.c in Sources */ = {isa = PBXBuildFile; fileRef = 025C0F4E18EFED96000344C0 /* DKFile.c */; };
		028F1B391B0E6BCA006FDFDF /* DKJSON.c in Sources */ = {isa = PBXBuildFile; fileRef = 02A25AFB1AC3D1B600D97B11 /* DKJSON.c */; };
		028F1B3A1B0E6BCA006FDFDF /* DKPredicate.c in Sources */ = {isa = PBXBuildFile; fileRef = 028F5CE619CF59B900CF4D47 /* DKPredicate.c */; };
		028F1B3B1B0E6BCA006FDFDF /* DKThread.c in Sources */ = {isa = PBXBuildFile; fileRef = 021E0E1519E1A5B200ECD817 /* DKThread.c */; };
		028F1B3C1B0E6BCA006FDFDF /* DKUnicode.c in Sources */ = {isa = PBXBuildFile; fileRef = 025C0F5A18EFED97000344C0 /* DKUnicode.c */; };
		028F1B3D1B0E6BFB006FDFDF /* Duck.h in Headers */ = {isa = PBXBuildFile; fileRef = 0269BF4A19D856BC002E876C /* Duck.h */; settings = {ATTRIBUTES = (Public, ); }; };
		028F1B3E1B0E6BFB006FDFDF /* DKConfig.h in Headers */ = {isa = PBXBuildFile; fileRef = 0269BF1919D85669002E876C /* DKConfig.h */; settings = {ATTRIBUTES = (Public, ); }; };
		028F1B3F1B0E6BFB006FDFDF /* DKPlatform.h in Headers */ = {isa = PBXBuildFile; fileRef = 0269BF2619D85669002E876C /* DKPlatform.h */; settings = {ATTRIBUTES = (Public, ); }; };
		028F1B401B0E6BFB006FDFDF /* DKRuntime.h in Headers */ = {isa = PBXBuildFile; fileRef = 0269BF2919D85669002E876C /* DKRuntime.h */; settings = {ATTRIBUTES = (Public, ); }; };
		028F1B411B0E6BFB006FDFDF /* DKRuntime+Interfaces.h in Headers */ = {isa = PBXBuildFile; fileRef = 02D5F50C19DBE79F00D2F52A /* DKRuntime+Interfaces.h */; settings = {ATTRIBUTES = (Public, ); }; };
		028F1B421B0E6BFB006FDFDF /* DKRuntime+Properties.h in Headers */ = {isa = PBXBuildFile; fileRef = 0269BF2819D85669002E876C /* DKRuntime+Properties.h */; settings = {ATTRIBUTES = (Public, ); }; };
		028F1B431B0E6BFB006FDFDF /* DKRuntime+RefCount.h in Headers */ = {isa = PBXBuildFile; fileRef = 02D051CB19DDF32000827660 /* DKRuntime+RefCount.h */; settings = {ATTRIBUTES = (Public, ); }; };
		028F1B441B0E6BFB006FDFDF /* DKRuntime+Reflection.h in Headers */ = {isa = PBXBuildFile; fileRef = 023A719E19DADCE20088CDD9 /* DKRuntime+Reflection.h */; settings = {ATTRIBUTES = (Public, ); }; };
		028F1B451B0E6BFB006FDFDF /* DKAllocation.h in Headers */ = {isa = PBXBuildFile; fileRef = 02D051D619DE32CB00827660 /* DKAllocation.h */; settings = {ATTRIBUTES = (Public, ); }; };
		028F1B461B0E6BFB006FDFDF /* DKComparison.h in Headers */ = {isa = PBXBuildFile; fileRef = 02D051D019DE2FA300827660 /* DKComparison.h */; settings = {ATTRIBUTES = (Public, ); }; };
		028F1B471B0E6BFB006FDFDF /* DKCopying.h in Headers */ = {isa = PBXBuildFile; fileRef = 02D051DB19DE345100827660 /* DKCopying.h */; settings = {ATTRIBUTES = (Public, ); }; };
		028F1B481B0E6BFB006FDFDF /* DKDescription.h in Headers */ = {isa = PBXBuildFile; fileRef = 02D051E019DE39D700827660 /* DKDescription.h */; settings = {ATTRIBUTES = (Public, ); }; };
		028F1B491B0E6BFB006FDFDF /* DKLocking.h in Headers */ = {isa = PBXBuildFile; fileRef = 023B128119E0C25800B2D683 /* DKLocking.h */; settings = {ATTRIBUTES = (Public, ); }; };
		028F1B4A1B0E6BFB006FDFDF /* DKStream.h in Headers */ = {isa = PBXBuildFile; fileRef = 0269BF2B19D85669002E876C /* DKStream.h */; settings = {ATTRIBUTES = (Public, ); }; };
		028F1B4B1B0E6BFB006FDFDF /* DKArray.h in Headers */ = {isa = PBXBuildFile; fileRef = 0269BF1519D85669002E876C /* DKArray.h */; settings = {ATTRIBUTES = (Public, ); }; };
		028F1B4C1B0E6BFB006FDFDF /* DKBinaryTree.h in Headers */ = {isa = PBXBuildFile; fileRef = 0269BF1619D85669002E876C /* DKBinaryTree.h */; settings = {ATTRIBUTES = (Public, ); }; };
		028F1B4D1B0E6BFB006FDFDF /* DKCollection.h in Headers */ = {isa = PBXBuildFile; fileRef = 0269BF1819D85669002E876C /* DKCollection.h */; settings = {ATTRIBUTES = (Public, ); }; };
		028F1B4E1B0E6BFB006FDFDF /* DKDictionary.h in Headers */ = {isa = PBXBuildFile; fileRef = 0269BF1B19D85669002E876C /* DKDictionary.h */; settings = {ATTRIBUTES = (Public, ); }; };
		028F1B4F1B0E6BFB006FDFDF /* DKHashTable.h in Headers */ = {isa = PBXBuildFile; fileRef = 0269BF2119D85669002E876C /* DKHashTable.h */; settings = {ATTRIBUTES = (Public, ); }; };
		028F1B501B0E6BFB006FDFDF /* DKLinkedList.h in Headers */ = {isa = PBXBuildFile; fileRef = 0269BF2219D85669002E876C /* DKLinkedList.h */; settings = {ATTRIBUTES = (Public, ); }; };
		028F1B511B0E6BFB006FDFDF /* DKList.h in Headers */ = {isa = PBXBuildFile; fileRef = 0269BF2319D85669002E876C /* DKList.h */; settings = {ATTRIBUTES = (Public, ); }; };
		028F1B521B0E6BFB006FDFDF /* DKSet.h in Headers */ = {isa = PBXBuildFile; fileRef = 0269BF2A19D85669002E876C /* DKSet.h */; settings = {ATTRIBUTES = (Public, ); }; };
		028F1B531B0E6BFB006FDFDF /* DKBoolean.h in Headers */ = {isa = PBXBuildFile; fileRef = 020482A91AC6972B00936FA1 /* DKBoolean.h */; settings = {ATTRIBUTES = (Public, ); }; };
		028F1B541B0E6BFB006FDFDF /* DKData.h in Headers */ = {isa = PBXBuildFile; fileRef = 0269BF1A19D85669002E876C /* DKData.h */; settings = {ATTRIBUTES = (Public, ); }; };
		028F1B551B0E6BFB006FDFDF /* DKNumber.h in Headers */ = {isa = PBXBuildFile; fileRef = 0269BF2519D85669002E876C /* DKNumber.h */; settings = {ATTRIBUTES = (Public, ); }; };
		028F1B561B0E6BFB006FDFDF /* DKString.h in Headers */ = {isa = PBXBuildFile; fileRef = 0269BF2C19D85669002E876C /* DKString.h */; settings = {ATTRIBUTES = (Public, ); }; };
		028F1B571B0E6BFC006FDFDF /* DKStruct.h in Headers */ = {isa = PBXBuildFile; fileRef = 0269BF2D19D85669002E876C /* DKStruct.h */; settings = {ATTRIBUTES = (Public, ); }; };
		028F1B581B0E6BFC006FDFDF /* DKByteArray.h in Headers */ = {isa = PBXBuildFile; fileRef = 0269BF1719D85669002E876C /* DKByteArray.h */; settings = {ATTRIBUTES = (Public, ); }; };
		028F1B591B0E6BFC006FDFDF /* DKGenericArray.h in Headers */ = {isa = PBXBuildFile; fileRef = 0269BF1F19D85669002E876C /* DKGenericArray.h */; settings = {ATTRIBUTES = (Public, ); }; };
		028F1B5A1B0E6BFC006FDFDF /* DKGenericHashTable.h in Headers */ = {isa = PBXBuildFile; fileRef = 0269BF2019D85669002E876C /* DKGenericHashTable.h */; settings = {ATTRIBUTES = (Public, ); }; };
		028F1B5B1B0E6BFC006FDFDF /* DKNodePool.h in Headers */ = {isa = PBXBuildFile; fileRef = 0269BF2419D85669002E876C /* DKNodePool.h */; settings = {ATTRIBUTES = (Public, ); }; };
		028F1B5C1B0E6BFC006FDFDF /* DKEgg.h in Headers */ = {isa = PBXBuildFile; fileRef = 0269BF1C19D85669002E876C /* DKEgg.h */; settings = {ATTRIBUTES = (Public, ); }; };
		028F1B5D1B0E6BFC006FDFDF /* DKEncoding.h in Headers */ = {isa = PBXBuildFile; fileRef = 0269BF1D19D85669002E876C /* DKEncoding.h */; settings = {ATTRIBUTES = (Public, ); }; };
		028F1B5E1B0E6BFC006FDFDF /* DKFile.h in Headers */ = {isa = PBXBuildFile; fileRef = 0269BF1E19D85669002E876C /* DKFile.h */; settings = {ATTRIBUTES = (Public, ); }; };
		028F1B5F1B0E6BFC006FDFDF /* DKJSON.h in Headers */ = {isa = PBXBuildFile; fileRef = 02A25AFC1AC3D1B600D97B11 /* DKJSON.h */; settings = {ATTRIBUTES = (Public, ); }; };
		028F1B601B0E6BFC006FDFDF /* DKPredicate.h in Headers */ = {isa = PBXBuildFile; fileRef = 0269BF2719D85669002E876C /* DKPredicate.h */; settings = {ATTRIBUTES = (Public, ); }; };
		028F1B611B0E6BFC006FDFDF /* DKThread.h in Headers */ = {isa = PBXBuildFile; fileRef = 021E0E1619E1A5B200ECD817 /* DKThread.h */; settings = {ATTRIBUTES = (Public, ); }; };
		028F1B621B0E6BFC006FDFDF /* DKUnicode.h in Headers */ = {isa = PBXBuildFile; fileRef = 0269BF2E19D85669002E876C /* DKUnicode.h */; settings = {ATTRIBUTES = (Public, ); }; };
		028F1B631B0E6C0F006FDFDF /* utf_impl.c in Sources */ = {isa = PBXBuildFile; fileRef = 021EC2B718F0774B004148AD /* utf_impl.c */; };
		028F1B651B0E6F89006FDFDF /* TestDKJSON.m in Sources */ = {isa = PBXBuildFile; fileRef = 028F1B641B0E6F89006FDFDF /* TestDKJSON.m */; };
		02C3078C1C304F8A0077DC56 /* DKMutex.c in Sources */ = {isa = PBXBuildFile; fileRef = 02C3078A1C304F8A0077DC56 /* DKMutex.c */; };
		02C3078D1C304F8A0077DC56 /* DKMutex.c in Sources */ = {isa = PBXBuildFile; fileRef = 02C3078A1C304F8A0077DC56 /* DKMutex.c */; };
		02C3078E1C304F8A0077DC56 /* DKMutex.h in Headers */ = {isa = PBXBuildFile; fileRef = 02C3078B1C304F8A0077DC56 /* DKMutex.h */; settings = {ATTRIBUTES = (Public, ); }; };
		02C3078F1C304F8A0077DC56 /* DKMutex.h in Headers */ = {isa = PBXBuildFile; fileRef = 02C3078B1C304F8A0077DC56 /* DKMutex.h */; settings = {ATTRIBUTES = (Public, ); }; };
		02C307921C3053A00077DC56 /* DKCondition.c in Sources */ = {isa = PBXBuildFile; fileRef = 02C307901C3053A00077DC56 /* DKCondition.c */; };
		02C307931C3053A00077DC56 /* DKCondition.c in Sources */ = {isa = PBXBuildFile; fileRef = 02C307901C3053A00077DC56 /* DKCondition.c */; };
		02C307941C3053A00077DC56 /* DKCondition.h in Headers */ = {isa = PBXBuildFile; fileRef = 02C307911C3053A00077DC56 /* DKCondition.h */; settings = {ATTRIBUTES = (Public, ); }; };
		02C307951C3053A00077DC56 /* DKCondition.h in Headers */ = {isa = PBXBuildFile; fileRef = 02C307911C3053A00077DC56 /* DKCondition.h */; settings = {ATTRIBUTES = (Public, ); }; };
		02C307981C3056270077DC56 /* DKReadWriteLock.c in Sources */ = {isa = PBXBuildFile; fileRef = 02C307961C3056270077DC56 /* DKReadWriteLock.c */; };
		02C307991C3056270077DC56 /* DKReadWriteLock.c in Sources */ = {isa = PBXBuildFile; fileRef = 02C307961C3056270077DC56 /* DKReadWriteLock.c */; };
		02C3079A1C3056270077DC56 /* DKReadWriteLock.h in Headers */ = {isa = PBXBuildFile; fileRef = 02C307971C3056270077DC56 /* DKReadWriteLock.h */; settings = {ATTRIBUTES = (Public, ); }; };
		02C3079B1C3056270077DC56 /* DKReadWriteLock.h in Headers */ = {isa = PBXBuildFile; fileRef = 02C307971C3056270077DC56 /* DKReadWriteLock.h */; settings = {ATTRIBUTES = (Public, ); }; };
/* End PBXBuildFile section */

/* Begin PBXContainerItemProxy section */
		028F1A951B0DCA86006FDFDF /* PBXContainerItemProxy */ = {
			isa = PBXContainerItemProxy;
			containerPortal = 024EE3D9148E0B21008FDADC /* Project object */;
			proxyType = 1;
			remoteGlobalIDString = 028F1A881B0DCA85006FDFDF;
			remoteInfo = Duck;
		};
/* End PBXContainerItemProxy section */

/* Begin PBXFileReference section */
		020482A81AC6972B00936FA1 /* DKBoolean.c */ = {isa = PBXFileReference; fileEncoding = 4; lastKnownFileType = sourcecode.c.c; path = DKBoolean.c; sourceTree = "<group>"; };
		020482A91AC6972B00936FA1 /* DKBoolean.h */ = {isa = PBXFileReference; fileEncoding = 4; lastKnownFileType = sourcecode.c.h; path = DKBoolean.h; sourceTree = "<group>"; };
		0206AE051B1235490095C52F /* DKRuntime+Metadata.c */ = {isa = PBXFileReference; fileEncoding = 4; lastKnownFileType = sourcecode.c.c; path = "DKRuntime+Metadata.c"; sourceTree = "<group>"; };
		0206AE061B1235490095C52F /* DKRuntime+Metadata.h */ = {isa = PBXFileReference; fileEncoding = 4; lastKnownFileType = sourcecode.c.h; path = "DKRuntime+Metadata.h"; sourceTree = "<group>"; };
		02083F9618F1E4EF00EEBBAC /* DKSet.c */ = {isa = PBXFileReference; fileEncoding = 4; lastKnownFileType = sourcecode.c.c; path = DKSet.c; sourceTree = "<group>"; };
		02083F9818F1EDBE00EEBBAC /* TestDKSet.m */ = {isa = PBXFileReference; fileEncoding = 4; lastKnownFileType = sourcecode.c.objc; path = TestDKSet.m; sourceTree = "<group>"; };
		02083F9B18F2615E00EEBBAC /* DKCollection.c */ = {isa = PBXFileReference; fileEncoding = 4; lastKnownFileType = sourcecode.c.c; path = DKCollection.c; sourceTree = "<group>"; };
		02083FA018F3BC2200EEBBAC /* DKRuntime+Properties.c */ = {isa = PBXFileReference; fileEncoding = 4; lastKnownFileType = sourcecode.c.c; lineEnding = 0; path = "DKRuntime+Properties.c"; sourceTree = "<group>"; xcLanguageSpecificationIdentifier = xcode.lang.c; };
		02083FA218F3C49E00EEBBAC /* TestDKProperty.m */ = {isa = PBXFileReference; fileEncoding = 4; lastKnownFileType = sourcecode.c.objc; path = TestDKProperty.m; sourceTree = "<group>"; };
		02083FA518F4A86700EEBBAC /* DKStruct.c */ = {isa = PBXFileReference; fileEncoding = 4; lastKnownFileType = sourcecode.c.c; path = DKStruct.c; sourceTree = "<group>"; };
		0208A643190576130041677A /* TestDKEgg.m */ = {isa = PBXFileReference; fileEncoding = 4; lastKnownFileType = sourcecode.c.objc; path = TestDKEgg.m; sourceTree = "<group>"; };
		0212831E1C244F9A00B7C3A7 /* DKConversion.c */ = {isa = PBXFileReference; fileEncoding = 4; lastKnownFileType = sourcecode.c.c; path = DKConversion.c; sourceTree = "<group>"; };
		0212831F1C244F9A00B7C3A7 /* DKConversion.h */ = {isa = PBXFileReference; fileEncoding = 4; lastKnownFileType = sourcecode.c.h; path = DKConversion.h; sourceTree = "<group>"; };
		021808741C3A323200989024 /* COPYING */ = {isa = PBXFileReference; fileEncoding = 4; lastKnownFileType = text; path = COPYING; sourceTree = "<group>"; };
		021808751C3A323200989024 /* yxml.c */ = {isa = PBXFileReference; fileEncoding = 4; lastKnownFileType = sourcecode.c.c; path = yxml.c; sourceTree = "<group>"; };
		021808761C3A323200989024 /* yxml.h */ = {isa = PBXFileReference; fileEncoding = 4; lastKnownFileType = sourcecode.c.h; path = yxml.h; sourceTree = "<group>"; };
		021E0E1519E1A5B200ECD817 /* DKThread.c */ = {isa = PBXFileReference; fileEncoding = 4; lastKnownFileType = sourcecode.c.c; path = DKThread.c; sourceTree = "<group>"; };
		021E0E1619E1A5B200ECD817 /* DKThread.h */ = {isa = PBXFileReference; fileEncoding = 4; lastKnownFileType = sourcecode.c.h; path = DKThread.h; sourceTree = "<group>"; };
		021EC2B718F0774B004148AD /* utf_impl.c */ = {isa = PBXFileReference; fileEncoding = 4; lastKnownFileType = sourcecode.c.c; path = utf_impl.c; sourceTree = "<group>"; };
		021EC2CD18F07BA9004148AD /* uassert.h */ = {isa = PBXFileReference; fileEncoding = 4; lastKnownFileType = sourcecode.c.h; path = uassert.h; sourceTree = "<group>"; };
		021EC2CF18F07BA9004148AD /* platform.h */ = {isa = PBXFileReference; fileEncoding = 4; lastKnownFileType = sourcecode.c.h; path = platform.h; sourceTree = "<group>"; };
		021EC2D018F07BA9004148AD /* ptypes.h */ = {isa = PBXFileReference; fileEncoding = 4; lastKnownFileType = sourcecode.c.h; path = ptypes.h; sourceTree = "<group>"; };
		021EC2D118F07BA9004148AD /* uconfig.h */ = {isa = PBXFileReference; fileEncoding = 4; lastKnownFileType = sourcecode.c.h; path = uconfig.h; sourceTree = "<group>"; };
		021EC2D218F07BA9004148AD /* umachine.h */ = {isa = PBXFileReference; fileEncoding = 4; lastKnownFileType = sourcecode.c.h; path = umachine.h; sourceTree = "<group>"; };
		021EC2D318F07BA9004148AD /* urename.h */ = {isa = PBXFileReference; fileEncoding = 4; lastKnownFileType = sourcecode.c.h; path = urename.h; sourceTree = "<group>"; };
		021EC2D418F07BA9004148AD /* utf.h */ = {isa = PBXFileReference; fileEncoding = 4; lastKnownFileType = sourcecode.c.h; path = utf.h; sourceTree = "<group>"; };
		021EC2D518F07BA9004148AD /* utf16.h */ = {isa = PBXFileReference; fileEncoding = 4; lastKnownFileType = sourcecode.c.h; path = utf16.h; sourceTree = "<group>"; };
		021EC2D618F07BA9004148AD /* utf32.h */ = {isa = PBXFileReference; fileEncoding = 4; lastKnownFileType = sourcecode.c.h; path = utf32.h; sourceTree = "<group>"; };
		021EC2D718F07BA9004148AD /* utf8.h */ = {isa = PBXFileReference; fileEncoding = 4; lastKnownFileType = sourcecode.c.h; path = utf8.h; sourceTree = "<group>"; };
		021EC2D818F07BA9004148AD /* utf_old.h */ = {isa = PBXFileReference; fileEncoding = 4; lastKnownFileType = sourcecode.c.h; path = utf_old.h; sourceTree = "<group>"; };
		021EC2D918F07BA9004148AD /* utypes.h */ = {isa = PBXFileReference; fileEncoding = 4; lastKnownFileType = sourcecode.c.h; path = utypes.h; sourceTree = "<group>"; };
		021EC2DA18F07BA9004148AD /* uvernum.h */ = {isa = PBXFileReference; fileEncoding = 4; lastKnownFileType = sourcecode.c.h; path = uvernum.h; sourceTree = "<group>"; };
		021EC2DB18F07BA9004148AD /* uversion.h */ = {isa = PBXFileReference; fileEncoding = 4; lastKnownFileType = sourcecode.c.h; path = uversion.h; sourceTree = "<group>"; };
		021EC2EF18F0CDB1004148AD /* README.md */ = {isa = PBXFileReference; fileEncoding = 4; lastKnownFileType = text; path = README.md; sourceTree = "<group>"; };
		023098FD19D53E7F00C3DB59 /* TestDKPredicate.m */ = {isa = PBXFileReference; fileEncoding = 4; lastKnownFileType = sourcecode.c.objc; path = TestDKPredicate.m; sourceTree = "<group>"; };
		02393EBA1C3EFE15009E8731 /* DKXML.c */ = {isa = PBXFileReference; fileEncoding = 4; lastKnownFileType = sourcecode.c.c; path = DKXML.c; sourceTree = "<group>"; };
		02393EBB1C3EFE15009E8731 /* DKXML.h */ = {isa = PBXFileReference; fileEncoding = 4; lastKnownFileType = sourcecode.c.h; path = DKXML.h; sourceTree = "<group>"; };
		02393EBE1C3F16BB009E8731 /* test.xml */ = {isa = PBXFileReference; fileEncoding = 4; lastKnownFileType = text.xml; path = test.xml; sourceTree = "<group>"; };
		02393EC01C3F16F6009E8731 /* TestDKXML.m */ = {isa = PBXFileReference; fileEncoding = 4; lastKnownFileType = sourcecode.c.objc; path = TestDKXML.m; sourceTree = "<group>"; };
		023A719D19DADCE20088CDD9 /* DKRuntime+Reflection.c */ = {isa = PBXFileReference; fileEncoding = 4; lastKnownFileType = sourcecode.c.c; path = "DKRuntime+Reflection.c"; sourceTree = "<group>"; };
		023A719E19DADCE20088CDD9 /* DKRuntime+Reflection.h */ = {isa = PBXFileReference; fileEncoding = 4; lastKnownFileType = sourcecode.c.h; path = "DKRuntime+Reflection.h"; sourceTree = "<group>"; };
		023B128019E0C25800B2D683 /* DKLocking.c */ = {isa = PBXFileReference; fileEncoding = 4; lastKnownFileType = sourcecode.c.c; path = DKLocking.c; sourceTree = "<group>"; };
		023B128119E0C25800B2D683 /* DKLocking.h */ = {isa = PBXFileReference; fileEncoding = 4; lastKnownFileType = sourcecode.c.h; path = DKLocking.h; sourceTree = "<group>"; };
		025C0F4818EFED96000344C0 /* DKArray.c */ = {isa = PBXFileReference; fileEncoding = 4; lastKnownFileType = sourcecode.c.c; path = DKArray.c; sourceTree = "<group>"; };
		025C0F4918EFED96000344C0 /* DKBinaryTree.c */ = {isa = PBXFileReference; fileEncoding = 4; lastKnownFileType = sourcecode.c.c; lineEnding = 0; path = DKBinaryTree.c; sourceTree = "<group>"; xcLanguageSpecificationIdentifier = xcode.lang.c; };
		025C0F4A18EFED96000344C0 /* DKByteArray.c */ = {isa = PBXFileReference; fileEncoding = 4; lastKnownFileType = sourcecode.c.c; path = DKByteArray.c; sourceTree = "<group>"; };
		025C0F4C18EFED96000344C0 /* DKData.c */ = {isa = PBXFileReference; fileEncoding = 4; lastKnownFileType = sourcecode.c.c; path = DKData.c; sourceTree = "<group>"; };
		025C0F4D18EFED96000344C0 /* DKDictionary.c */ = {isa = PBXFileReference; fileEncoding = 4; lastKnownFileType = sourcecode.c.c; lineEnding = 0; path = DKDictionary.c; sourceTree = "<group>"; xcLanguageSpecificationIdentifier = xcode.lang.c; };
		025C0F4E18EFED96000344C0 /* DKFile.c */ = {isa = PBXFileReference; fileEncoding = 4; lastKnownFileType = sourcecode.c.c; lineEnding = 0; path = DKFile.c; sourceTree = "<group>"; xcLanguageSpecificationIdentifier = xcode.lang.c; };
		025C0F4F18EFED96000344C0 /* DKHashTable.c */ = {isa = PBXFileReference; fileEncoding = 4; lastKnownFileType = sourcecode.c.c; lineEnding = 0; path = DKHashTable.c; sourceTree = "<group>"; xcLanguageSpecificationIdentifier = xcode.lang.c; };
		025C0F5018EFED96000344C0 /* DKLinkedList.c */ = {isa = PBXFileReference; fileEncoding = 4; lastKnownFileType = sourcecode.c.c; path = DKLinkedList.c; sourceTree = "<group>"; };
		025C0F5118EFED96000344C0 /* DKList.c */ = {isa = PBXFileReference; fileEncoding = 4; lastKnownFileType = sourcecode.c.c; path = DKList.c; sourceTree = "<group>"; };
		025C0F5218EFED96000344C0 /* DKNodePool.c */ = {isa = PBXFileReference; fileEncoding = 4; lastKnownFileType = sourcecode.c.c; path = DKNodePool.c; sourceTree = "<group>"; };
		025C0F5318EFED96000344C0 /* DKNumber.c */ = {isa = PBXFileReference; fileEncoding = 4; lastKnownFileType = sourcecode.c.c; path = DKNumber.c; sourceTree = "<group>"; };
		025C0F5418EFED97000344C0 /* DKPlatform.c */ = {isa = PBXFileReference; fileEncoding = 4; lastKnownFileType = sourcecode.c.c; path = DKPlatform.c; sourceTree = "<group>"; };
		025C0F5618EFED97000344C0 /* DKGenericArray.c */ = {isa = PBXFileReference; fileEncoding = 4; lastKnownFileType = sourcecode.c.c; path = DKGenericArray.c; sourceTree = "<group>"; };
		025C0F5718EFED97000344C0 /* DKRuntime.c */ = {isa = PBXFileReference; fileEncoding = 4; lastKnownFileType = sourcecode.c.c; lineEnding = 0; path = DKRuntime.c; sourceTree = "<group>"; xcLanguageSpecificationIdentifier = xcode.lang.c; };
		025C0F5818EFED97000344C0 /* DKStream.c */ = {isa = PBXFileReference; fileEncoding = 4; lastKnownFileType = sourcecode.c.c; path = DKStream.c; sourceTree = "<group>"; };
		025C0F5918EFED97000344C0 /* DKString.c */ = {isa = PBXFileReference; fileEncoding = 4; lastKnownFileType = sourcecode.c.c; lineEnding = 0; path = DKString.c; sourceTree = "<group>"; xcLanguageSpecificationIdentifier = xcode.lang.c; };
		025C0F5A18EFED97000344C0 /* DKUnicode.c */ = {isa = PBXFileReference; fileEncoding = 4; lastKnownFileType = sourcecode.c.c; path = DKUnicode.c; sourceTree = "<group>"; };
		025C0F9618EFEE5D000344C0 /* TestDKData.m */ = {isa = PBXFileReference; fileEncoding = 4; lastKnownFileType = sourcecode.c.objc; path = TestDKData.m; sourceTree = "<group>"; };
		025C0F9718EFEE5D000344C0 /* TestDKDictionary.m */ = {isa = PBXFileReference; fileEncoding = 4; lastKnownFileType = sourcecode.c.objc; path = TestDKDictionary.m; sourceTree = "<group>"; };
		025C0F9818EFEE5D000344C0 /* TestDKList.m */ = {isa = PBXFileReference; fileEncoding = 4; lastKnownFileType = sourcecode.c.objc; path = TestDKList.m; sourceTree = "<group>"; };
		025C0F9918EFEE5D000344C0 /* TestDKNumber.m */ = {isa = PBXFileReference; fileEncoding = 4; lastKnownFileType = sourcecode.c.objc; path = TestDKNumber.m; sourceTree = "<group>"; };
		025C0F9A18EFEE5D000344C0 /* TestDKRuntime.m */ = {isa = PBXFileReference; fileEncoding = 4; lastKnownFileType = sourcecode.c.objc; path = TestDKRuntime.m; sourceTree = "<group>"; };
		025C0F9B18EFEE5D000344C0 /* TestDKString.m */ = {isa = PBXFileReference; fileEncoding = 4; lastKnownFileType = sourcecode.c.objc; path = TestDKString.m; sourceTree = "<group>"; };
		02624EBF190366C50023B3EE /* DKEgg.c */ = {isa = PBXFileReference; fileEncoding = 4; lastKnownFileType = sourcecode.c.c; path = DKEgg.c; sourceTree = "<group>"; };
		0263C4A918EFD957005E0ED5 /* license.html */ = {isa = PBXFileReference; fileEncoding = 4; lastKnownFileType = text.html; path = license.html; sourceTree = "<group>"; };
		0269BF1519D85669002E876C /* DKArray.h */ = {isa = PBXFileReference; fileEncoding = 4; lastKnownFileType = sourcecode.c.h; lineEnding = 0; path = DKArray.h; sourceTree = "<group>"; xcLanguageSpecificationIdentifier = xcode.lang.objcpp; };
		0269BF1619D85669002E876C /* DKBinaryTree.h */ = {isa = PBXFileReference; fileEncoding = 4; lastKnownFileType = sourcecode.c.h; lineEnding = 0; path = DKBinaryTree.h; sourceTree = "<group>"; xcLanguageSpecificationIdentifier = xcode.lang.objcpp; };
		0269BF1719D85669002E876C /* DKByteArray.h */ = {isa = PBXFileReference; fileEncoding = 4; lastKnownFileType = sourcecode.c.h; path = DKByteArray.h; sourceTree = "<group>"; };
		0269BF1819D85669002E876C /* DKCollection.h */ = {isa = PBXFileReference; fileEncoding = 4; lastKnownFileType = sourcecode.c.h; path = DKCollection.h; sourceTree = "<group>"; };
		0269BF1919D85669002E876C /* DKConfig.h */ = {isa = PBXFileReference; fileEncoding = 4; lastKnownFileType = sourcecode.c.h; path = DKConfig.h; sourceTree = "<group>"; };
		0269BF1A19D85669002E876C /* DKData.h */ = {isa = PBXFileReference; fileEncoding = 4; lastKnownFileType = sourcecode.c.h; lineEnding = 0; path = DKData.h; sourceTree = "<group>"; xcLanguageSpecificationIdentifier = xcode.lang.objcpp; };
		0269BF1B19D85669002E876C /* DKDictionary.h */ = {isa = PBXFileReference; fileEncoding = 4; lastKnownFileType = sourcecode.c.h; lineEnding = 0; path = DKDictionary.h; sourceTree = "<group>"; xcLanguageSpecificationIdentifier = xcode.lang.objcpp; };
		0269BF1C19D85669002E876C /* DKEgg.h */ = {isa = PBXFileReference; fileEncoding = 4; lastKnownFileType = sourcecode.c.h; path = DKEgg.h; sourceTree = "<group>"; };
		0269BF1D19D85669002E876C /* DKEncoding.h */ = {isa = PBXFileReference; fileEncoding = 4; lastKnownFileType = sourcecode.c.h; path = DKEncoding.h; sourceTree = "<group>"; };
		0269BF1E19D85669002E876C /* DKFile.h */ = {isa = PBXFileReference; fileEncoding = 4; lastKnownFileType = sourcecode.c.h; path = DKFile.h; sourceTree = "<group>"; };
		0269BF1F19D85669002E876C /* DKGenericArray.h */ = {isa = PBXFileReference; fileEncoding = 4; lastKnownFileType = sourcecode.c.h; path = DKGenericArray.h; sourceTree = "<group>"; };
		0269BF2019D85669002E876C /* DKGenericHashTable.h */ = {isa = PBXFileReference; fileEncoding = 4; lastKnownFileType = sourcecode.c.h; path = DKGenericHashTable.h; sourceTree = "<group>"; };
		0269BF2119D85669002E876C /* DKHashTable.h */ = {isa = PBXFileReference; fileEncoding = 4; lastKnownFileType = sourcecode.c.h; lineEnding = 0; path = DKHashTable.h; sourceTree = "<group>"; xcLanguageSpecificationIdentifier = xcode.lang.objcpp; };
		0269BF2219D85669002E876C /* DKLinkedList.h */ = {isa = PBXFileReference; fileEncoding = 4; lastKnownFileType = sourcecode.c.h; lineEnding = 0; path = DKLinkedList.h; sourceTree = "<group>"; xcLanguageSpecificationIdentifier = xcode.lang.objcpp; };
		0269BF2319D85669002E876C /* DKList.h */ = {isa = PBXFileReference; fileEncoding = 4; lastKnownFileType = sourcecode.c.h; lineEnding = 0; path = DKList.h; sourceTree = "<group>"; xcLanguageSpecificationIdentifier = xcode.lang.objcpp; };
		0269BF2419D85669002E876C /* DKNodePool.h */ = {isa = PBXFileReference; fileEncoding = 4; lastKnownFileType = sourcecode.c.h; path = DKNodePool.h; sourceTree = "<group>"; };
		0269BF2519D85669002E876C /* DKNumber.h */ = {isa = PBXFileReference; fileEncoding = 4; lastKnownFileType = sourcecode.c.h; path = DKNumber.h; sourceTree = "<group>"; };
		0269BF2619D85669002E876C /* DKPlatform.h */ = {isa = PBXFileReference; fileEncoding = 4; lastKnownFileType = sourcecode.c.h; path = DKPlatform.h; sourceTree = "<group>"; };
		0269BF2719D85669002E876C /* DKPredicate.h */ = {isa = PBXFileReference; fileEncoding = 4; lastKnownFileType = sourcecode.c.h; path = DKPredicate.h; sourceTree = "<group>"; };
		0269BF2819D85669002E876C /* DKRuntime+Properties.h */ = {isa = PBXFileReference; fileEncoding = 4; lastKnownFileType = sourcecode.c.h; path = "DKRuntime+Properties.h"; sourceTree = "<group>"; };
		0269BF2919D85669002E876C /* DKRuntime.h */ = {isa = PBXFileReference; fileEncoding = 4; lastKnownFileType = sourcecode.c.h; path = DKRuntime.h; sourceTree = "<group>"; };
		0269BF2A19D85669002E876C /* DKSet.h */ = {isa = PBXFileReference; fileEncoding = 4; lastKnownFileType = sourcecode.c.h; lineEnding = 0; path = DKSet.h; sourceTree = "<group>"; xcLanguageSpecificationIdentifier = xcode.lang.objcpp; };
		0269BF2B19D85669002E876C /* DKStream.h */ = {isa = PBXFileReference; fileEncoding = 4; lastKnownFileType = sourcecode.c.h; path = DKStream.h; sourceTree = "<group>"; };
		0269BF2C19D85669002E876C /* DKString.h */ = {isa = PBXFileReference; fileEncoding = 4; lastKnownFileType = sourcecode.c.h; path = DKString.h; sourceTree = "<group>"; };
		0269BF2D19D85669002E876C /* DKStruct.h */ = {isa = PBXFileReference; fileEncoding = 4; lastKnownFileType = sourcecode.c.h; path = DKStruct.h; sourceTree = "<group>"; };
		0269BF2E19D85669002E876C /* DKUnicode.h */ = {isa = PBXFileReference; fileEncoding = 4; lastKnownFileType = sourcecode.c.h; path = DKUnicode.h; sourceTree = "<group>"; };
		0269BF4A19D856BC002E876C /* Duck.h */ = {isa = PBXFileReference; fileEncoding = 4; lastKnownFileType = sourcecode.c.h; path = Duck.h; sourceTree = "<group>"; };
		026FBD161C309B5F00C96822 /* DKThreadPool.c */ = {isa = PBXFileReference; fileEncoding = 4; lastKnownFileType = sourcecode.c.c; path = DKThreadPool.c; sourceTree = "<group>"; };
		026FBD171C309B5F00C96822 /* DKThreadPool.h */ = {isa = PBXFileReference; fileEncoding = 4; lastKnownFileType = sourcecode.c.h; path = DKThreadPool.h; sourceTree = "<group>"; };
		028F1A891B0DCA85006FDFDF /* Duck.framework */ = {isa = PBXFileReference; explicitFileType = wrapper.framework; includeInIndex = 0; path = Duck.framework; sourceTree = BUILT_PRODUCTS_DIR; };
		028F1A8C1B0DCA85006FDFDF /* Info.plist */ = {isa = PBXFileReference; lastKnownFileType = text.plist; name = Info.plist; path = "Duck-MacOS/Info.plist"; sourceTree = "<group>"; };
		028F1A931B0DCA85006FDFDF /* Duck-Tests.xctest */ = {isa = PBXFileReference; explicitFileType = wrapper.cfbundle; includeInIndex = 0; path = "Duck-Tests.xctest"; sourceTree = BUILT_PRODUCTS_DIR; };
		028F1A991B0DCA86006FDFDF /* Info.plist */ = {isa = PBXFileReference; lastKnownFileType = text.plist.xml; path = Info.plist; sourceTree = "<group>"; };
		028F1B001B0E6B6C006FDFDF /* Duck.framework */ = {isa = PBXFileReference; explicitFileType = wrapper.framework; includeInIndex = 0; path = Duck.framework; sourceTree = BUILT_PRODUCTS_DIR; };
		028F1B031B0E6B6C006FDFDF /* Info.plist */ = {isa = PBXFileReference; lastKnownFileType = text.plist.xml; path = Info.plist; sourceTree = "<group>"; };
		028F1B641B0E6F89006FDFDF /* TestDKJSON.m */ = {isa = PBXFileReference; fileEncoding = 4; lastKnownFileType = sourcecode.c.objc; path = TestDKJSON.m; sourceTree = "<group>"; };
		028F5CE619CF59B900CF4D47 /* DKPredicate.c */ = {isa = PBXFileReference; fileEncoding = 4; lastKnownFileType = sourcecode.c.c; lineEnding = 0; path = DKPredicate.c; sourceTree = "<group>"; xcLanguageSpecificationIdentifier = xcode.lang.c; };
		02A25AFB1AC3D1B600D97B11 /* DKJSON.c */ = {isa = PBXFileReference; fileEncoding = 4; lastKnownFileType = sourcecode.c.c; path = DKJSON.c; sourceTree = "<group>"; };
		02A25AFC1AC3D1B600D97B11 /* DKJSON.h */ = {isa = PBXFileReference; fileEncoding = 4; lastKnownFileType = sourcecode.c.h; path = DKJSON.h; sourceTree = "<group>"; };
		02A54D271B08C4D600D00EEE /* dictionary.txt */ = {isa = PBXFileReference; fileEncoding = 4; lastKnownFileType = text; lineEnding = 0; path = dictionary.txt; sourceTree = "<group>"; };
		02AFC05D18F172A0006B70B9 /* LICENSE */ = {isa = PBXFileReference; fileEncoding = 4; lastKnownFileType = text; path = LICENSE; sourceTree = "<group>"; };
		02BD1E141946C5CC00F35A5B /* DKGenericHashTable.c */ = {isa = PBXFileReference; fileEncoding = 4; lastKnownFileType = sourcecode.c.c; path = DKGenericHashTable.c; sourceTree = "<group>"; };
		02C3078A1C304F8A0077DC56 /* DKMutex.c */ = {isa = PBXFileReference; fileEncoding = 4; lastKnownFileType = sourcecode.c.c; path = DKMutex.c; sourceTree = "<group>"; };
		02C3078B1C304F8A0077DC56 /* DKMutex.h */ = {isa = PBXFileReference; fileEncoding = 4; lastKnownFileType = sourcecode.c.h; path = DKMutex.h; sourceTree = "<group>"; };
		02C307901C3053A00077DC56 /* DKCondition.c */ = {isa = PBXFileReference; fileEncoding = 4; lastKnownFileType = sourcecode.c.c; path = DKCondition.c; sourceTree = "<group>"; };
		02C307911C3053A00077DC56 /* DKCondition.h */ = {isa = PBXFileReference; fileEncoding = 4; lastKnownFileType = sourcecode.c.h; path = DKCondition.h; sourceTree = "<group>"; };
		02C307961C3056270077DC56 /* DKReadWriteLock.c */ = {isa = PBXFileReference; fileEncoding = 4; lastKnownFileType = sourcecode.c.c; path = DKReadWriteLock.c; sourceTree = "<group>"; };
		02C307971C3056270077DC56 /* DKReadWriteLock.h */ = {isa = PBXFileReference; fileEncoding = 4; lastKnownFileType = sourcecode.c.h; path = DKReadWriteLock.h; sourceTree = "<group>"; };
		02C8914618F1690F0097B6BC /* Foundation.framework */ = {isa = PBXFileReference; lastKnownFileType = wrapper.framework; name = Foundation.framework; path = System/Library/Frameworks/Foundation.framework; sourceTree = SDKROOT; };
		02D051CA19DDF32000827660 /* DKRuntime+RefCount.c */ = {isa = PBXFileReference; fileEncoding = 4; lastKnownFileType = sourcecode.c.c; path = "DKRuntime+RefCount.c"; sourceTree = "<group>"; };
		02D051CB19DDF32000827660 /* DKRuntime+RefCount.h */ = {isa = PBXFileReference; fileEncoding = 4; lastKnownFileType = sourcecode.c.h; path = "DKRuntime+RefCount.h"; sourceTree = "<group>"; };
		02D051CF19DE2FA300827660 /* DKComparison.c */ = {isa = PBXFileReference; fileEncoding = 4; lastKnownFileType = sourcecode.c.c; path = DKComparison.c; sourceTree = "<group>"; };
		02D051D019DE2FA300827660 /* DKComparison.h */ = {isa = PBXFileReference; fileEncoding = 4; lastKnownFileType = sourcecode.c.h; path = DKComparison.h; sourceTree = "<group>"; };
		02D051D519DE32CB00827660 /* DKAllocation.c */ = {isa = PBXFileReference; fileEncoding = 4; lastKnownFileType = sourcecode.c.c; path = DKAllocation.c; sourceTree = "<group>"; };
		02D051D619DE32CB00827660 /* DKAllocation.h */ = {isa = PBXFileReference; fileEncoding = 4; lastKnownFileType = sourcecode.c.h; path = DKAllocation.h; sourceTree = "<group>"; };
		02D051DA19DE345100827660 /* DKCopying.c */ = {isa = PBXFileReference; fileEncoding = 4; lastKnownFileType = sourcecode.c.c; path = DKCopying.c; sourceTree = "<group>"; };
		02D051DB19DE345100827660 /* DKCopying.h */ = {isa = PBXFileReference; fileEncoding = 4; lastKnownFileType = sourcecode.c.h; path = DKCopying.h; sourceTree = "<group>"; };
		02D051DF19DE39D700827660 /* DKDescription.c */ = {isa = PBXFileReference; fileEncoding = 4; lastKnownFileType = sourcecode.c.c; path = DKDescription.c; sourceTree = "<group>"; };
		02D051E019DE39D700827660 /* DKDescription.h */ = {isa = PBXFileReference; fileEncoding = 4; lastKnownFileType = sourcecode.c.h; path = DKDescription.h; sourceTree = "<group>"; };
		02D5F50B19DBE79F00D2F52A /* DKRuntime+Interfaces.c */ = {isa = PBXFileReference; fileEncoding = 4; lastKnownFileType = sourcecode.c.c; path = "DKRuntime+Interfaces.c"; sourceTree = "<group>"; };
		02D5F50C19DBE79F00D2F52A /* DKRuntime+Interfaces.h */ = {isa = PBXFileReference; fileEncoding = 4; lastKnownFileType = sourcecode.c.h; path = "DKRuntime+Interfaces.h"; sourceTree = "<group>"; };
		02DE16DE195E7ACB007D241D /* DKEncoding.c */ = {isa = PBXFileReference; fileEncoding = 4; lastKnownFileType = sourcecode.c.c; path = DKEncoding.c; sourceTree = "<group>"; };
/* End PBXFileReference section */

/* Begin PBXFrameworksBuildPhase section */
		028F1A851B0DCA85006FDFDF /* Frameworks */ = {
			isa = PBXFrameworksBuildPhase;
			buildActionMask = 2147483647;
			files = (
			);
			runOnlyForDeploymentPostprocessing = 0;
		};
		028F1A901B0DCA85006FDFDF /* Frameworks */ = {
			isa = PBXFrameworksBuildPhase;
			buildActionMask = 2147483647;
			files = (
				028F1A941B0DCA86006FDFDF /* Duck.framework in Frameworks */,
			);
			runOnlyForDeploymentPostprocessing = 0;
		};
		028F1AFC1B0E6B6C006FDFDF /* Frameworks */ = {
			isa = PBXFrameworksBuildPhase;
			buildActionMask = 2147483647;
			files = (
			);
			runOnlyForDeploymentPostprocessing = 0;
		};
/* End PBXFrameworksBuildPhase section */

/* Begin PBXGroup section */
		021808731C3A323200989024 /* yxml */ = {
			isa = PBXGroup;
			children = (
				021808741C3A323200989024 /* COPYING */,
				021808751C3A323200989024 /* yxml.c */,
				021808761C3A323200989024 /* yxml.h */,
			);
			path = yxml;
			sourceTree = "<group>";
		};
		021EC2CE18F07BA9004148AD /* unicode */ = {
			isa = PBXGroup;
			children = (
				021EC2CF18F07BA9004148AD /* platform.h */,
				021EC2D018F07BA9004148AD /* ptypes.h */,
				021EC2D118F07BA9004148AD /* uconfig.h */,
				021EC2D218F07BA9004148AD /* umachine.h */,
				021EC2D318F07BA9004148AD /* urename.h */,
				021EC2D418F07BA9004148AD /* utf.h */,
				021EC2D518F07BA9004148AD /* utf16.h */,
				021EC2D618F07BA9004148AD /* utf32.h */,
				021EC2D718F07BA9004148AD /* utf8.h */,
				021EC2D818F07BA9004148AD /* utf_old.h */,
				021EC2D918F07BA9004148AD /* utypes.h */,
				021EC2DA18F07BA9004148AD /* uvernum.h */,
				021EC2DB18F07BA9004148AD /* uversion.h */,
			);
			path = unicode;
			sourceTree = "<group>";
		};
		024EE3D7148E0B21008FDADC = {
			isa = PBXGroup;
			children = (
				021EC2EF18F0CDB1004148AD /* README.md */,
				02AFC05D18F172A0006B70B9 /* LICENSE */,
				0269BF4A19D856BC002E876C /* Duck.h */,
				025C0F4718EFED96000344C0 /* Source */,
				0263C4A718EFD957005E0ED5 /* ThirdParty */,
				028F1A8A1B0DCA85006FDFDF /* Duck-MacOS */,
				028F1B011B0E6B6C006FDFDF /* Duck-iOS */,
				028F1A971B0DCA86006FDFDF /* Duck-Tests */,
				02D00FB518E6258C00FC3054 /* Frameworks */,
				024EE3E3148E0B21008FDADC /* Products */,
			);
			sourceTree = "<group>";
		};
		024EE3E3148E0B21008FDADC /* Products */ = {
			isa = PBXGroup;
			children = (
				028F1A891B0DCA85006FDFDF /* Duck.framework */,
				028F1A931B0DCA85006FDFDF /* Duck-Tests.xctest */,
				028F1B001B0E6B6C006FDFDF /* Duck.framework */,
			);
			name = Products;
			sourceTree = "<group>";
		};
		025C0F4718EFED96000344C0 /* Source */ = {
			isa = PBXGroup;
			children = (
				0269BF1919D85669002E876C /* DKConfig.h */,
				0269BF2619D85669002E876C /* DKPlatform.h */,
				025C0F5418EFED97000344C0 /* DKPlatform.c */,
				0269BF4919D856A8002E876C /* Runtime */,
				02D051D419DE329D00827660 /* Interfaces */,
				0269BF4C19D856E1002E876C /* Collection Types */,
				0269BF4D19D857CC002E876C /* Data Types */,
				0269BF4E19D85E91002E876C /* Storage Types */,
				0269BF4F19D85F01002E876C /* Other */,
			);
			path = Source;
			sourceTree = "<group>";
		};
		0263C4A718EFD957005E0ED5 /* ThirdParty */ = {
			isa = PBXGroup;
			children = (
				021808731C3A323200989024 /* yxml */,
				0263C4A818EFD957005E0ED5 /* icu */,
			);
			path = ThirdParty;
			sourceTree = "<group>";
		};
		0263C4A818EFD957005E0ED5 /* icu */ = {
			isa = PBXGroup;
			children = (
				0263C4A918EFD957005E0ED5 /* license.html */,
				021EC2CD18F07BA9004148AD /* uassert.h */,
				021EC2CE18F07BA9004148AD /* unicode */,
				021EC2B718F0774B004148AD /* utf_impl.c */,
			);
			path = icu;
			sourceTree = "<group>";
		};
		0269BF4919D856A8002E876C /* Runtime */ = {
			isa = PBXGroup;
			children = (
				0269BF2919D85669002E876C /* DKRuntime.h */,
				025C0F5718EFED97000344C0 /* DKRuntime.c */,
				02D5F50C19DBE79F00D2F52A /* DKRuntime+Interfaces.h */,
				02D5F50B19DBE79F00D2F52A /* DKRuntime+Interfaces.c */,
				0269BF2819D85669002E876C /* DKRuntime+Properties.h */,
				02083FA018F3BC2200EEBBAC /* DKRuntime+Properties.c */,
				02D051CB19DDF32000827660 /* DKRuntime+RefCount.h */,
				02D051CA19DDF32000827660 /* DKRuntime+RefCount.c */,
				023A719E19DADCE20088CDD9 /* DKRuntime+Reflection.h */,
				023A719D19DADCE20088CDD9 /* DKRuntime+Reflection.c */,
				0206AE061B1235490095C52F /* DKRuntime+Metadata.h */,
				0206AE051B1235490095C52F /* DKRuntime+Metadata.c */,
			);
			name = Runtime;
			sourceTree = "<group>";
		};
		0269BF4C19D856E1002E876C /* Collection Types */ = {
			isa = PBXGroup;
			children = (
				0269BF1519D85669002E876C /* DKArray.h */,
				025C0F4818EFED96000344C0 /* DKArray.c */,
				0269BF1619D85669002E876C /* DKBinaryTree.h */,
				025C0F4918EFED96000344C0 /* DKBinaryTree.c */,
				0269BF1819D85669002E876C /* DKCollection.h */,
				02083F9B18F2615E00EEBBAC /* DKCollection.c */,
				0269BF1B19D85669002E876C /* DKDictionary.h */,
				025C0F4D18EFED96000344C0 /* DKDictionary.c */,
				0269BF2119D85669002E876C /* DKHashTable.h */,
				025C0F4F18EFED96000344C0 /* DKHashTable.c */,
				0269BF2219D85669002E876C /* DKLinkedList.h */,
				025C0F5018EFED96000344C0 /* DKLinkedList.c */,
				0269BF2319D85669002E876C /* DKList.h */,
				025C0F5118EFED96000344C0 /* DKList.c */,
				0269BF2A19D85669002E876C /* DKSet.h */,
				02083F9618F1E4EF00EEBBAC /* DKSet.c */,
			);
			name = "Collection Types";
			sourceTree = "<group>";
		};
		0269BF4D19D857CC002E876C /* Data Types */ = {
			isa = PBXGroup;
			children = (
				020482A91AC6972B00936FA1 /* DKBoolean.h */,
				020482A81AC6972B00936FA1 /* DKBoolean.c */,
				0269BF1A19D85669002E876C /* DKData.h */,
				025C0F4C18EFED96000344C0 /* DKData.c */,
				0269BF2519D85669002E876C /* DKNumber.h */,
				025C0F5318EFED96000344C0 /* DKNumber.c */,
				0269BF2C19D85669002E876C /* DKString.h */,
				025C0F5918EFED97000344C0 /* DKString.c */,
				0269BF2D19D85669002E876C /* DKStruct.h */,
				02083FA518F4A86700EEBBAC /* DKStruct.c */,
			);
			name = "Data Types";
			sourceTree = "<group>";
		};
		0269BF4E19D85E91002E876C /* Storage Types */ = {
			isa = PBXGroup;
			children = (
				0269BF1719D85669002E876C /* DKByteArray.h */,
				025C0F4A18EFED96000344C0 /* DKByteArray.c */,
				0269BF1F19D85669002E876C /* DKGenericArray.h */,
				025C0F5618EFED97000344C0 /* DKGenericArray.c */,
				0269BF2019D85669002E876C /* DKGenericHashTable.h */,
				02BD1E141946C5CC00F35A5B /* DKGenericHashTable.c */,
				0269BF2419D85669002E876C /* DKNodePool.h */,
				025C0F5218EFED96000344C0 /* DKNodePool.c */,
			);
			name = "Storage Types";
			sourceTree = "<group>";
		};
		0269BF4F19D85F01002E876C /* Other */ = {
			isa = PBXGroup;
			children = (
				02C307911C3053A00077DC56 /* DKCondition.h */,
				02C307901C3053A00077DC56 /* DKCondition.c */,
				0269BF1C19D85669002E876C /* DKEgg.h */,
				02624EBF190366C50023B3EE /* DKEgg.c */,
				0269BF1D19D85669002E876C /* DKEncoding.h */,
				02DE16DE195E7ACB007D241D /* DKEncoding.c */,
				0269BF1E19D85669002E876C /* DKFile.h */,
				025C0F4E18EFED96000344C0 /* DKFile.c */,
				02A25AFC1AC3D1B600D97B11 /* DKJSON.h */,
				02A25AFB1AC3D1B600D97B11 /* DKJSON.c */,
				02C3078B1C304F8A0077DC56 /* DKMutex.h */,
				02C3078A1C304F8A0077DC56 /* DKMutex.c */,
				0269BF2719D85669002E876C /* DKPredicate.h */,
				028F5CE619CF59B900CF4D47 /* DKPredicate.c */,
				02C307971C3056270077DC56 /* DKReadWriteLock.h */,
				02C307961C3056270077DC56 /* DKReadWriteLock.c */,
				021E0E1619E1A5B200ECD817 /* DKThread.h */,
				021E0E1519E1A5B200ECD817 /* DKThread.c */,
				026FBD171C309B5F00C96822 /* DKThreadPool.h */,
				026FBD161C309B5F00C96822 /* DKThreadPool.c */,
				0269BF2E19D85669002E876C /* DKUnicode.h */,
				025C0F5A18EFED97000344C0 /* DKUnicode.c */,
				02393EBB1C3EFE15009E8731 /* DKXML.h */,
				02393EBA1C3EFE15009E8731 /* DKXML.c */,
			);
			name = Other;
			sourceTree = "<group>";
		};
		028F1A8A1B0DCA85006FDFDF /* Duck-MacOS */ = {
			isa = PBXGroup;
			children = (
				028F1A8B1B0DCA85006FDFDF /* Supporting Files */,
			);
			path = "Duck-MacOS";
			sourceTree = "<group>";
		};
		028F1A8B1B0DCA85006FDFDF /* Supporting Files */ = {
			isa = PBXGroup;
			children = (
				028F1A8C1B0DCA85006FDFDF /* Info.plist */,
			);
			name = "Supporting Files";
			path = "../Duck-OSX";
			sourceTree = "<group>";
		};
		028F1A971B0DCA86006FDFDF /* Duck-Tests */ = {
			isa = PBXGroup;
			children = (
				02393EBE1C3F16BB009E8731 /* test.xml */,
				02A54D271B08C4D600D00EEE /* dictionary.txt */,
				0208A643190576130041677A /* TestDKEgg.m */,
				025C0F9618EFEE5D000344C0 /* TestDKData.m */,
				025C0F9718EFEE5D000344C0 /* TestDKDictionary.m */,
				028F1B641B0E6F89006FDFDF /* TestDKJSON.m */,
				025C0F9818EFEE5D000344C0 /* TestDKList.m */,
				025C0F9918EFEE5D000344C0 /* TestDKNumber.m */,
				023098FD19D53E7F00C3DB59 /* TestDKPredicate.m */,
				02083FA218F3C49E00EEBBAC /* TestDKProperty.m */,
				025C0F9A18EFEE5D000344C0 /* TestDKRuntime.m */,
				02083F9818F1EDBE00EEBBAC /* TestDKSet.m */,
				025C0F9B18EFEE5D000344C0 /* TestDKString.m */,
				02393EC01C3F16F6009E8731 /* TestDKXML.m */,
				028F1A981B0DCA86006FDFDF /* Supporting Files */,
			);
			path = "Duck-Tests";
			sourceTree = "<group>";
		};
		028F1A981B0DCA86006FDFDF /* Supporting Files */ = {
			isa = PBXGroup;
			children = (
				028F1A991B0DCA86006FDFDF /* Info.plist */,
			);
			name = "Supporting Files";
			sourceTree = "<group>";
		};
		028F1B011B0E6B6C006FDFDF /* Duck-iOS */ = {
			isa = PBXGroup;
			children = (
				028F1B021B0E6B6C006FDFDF /* Supporting Files */,
			);
			path = "Duck-iOS";
			sourceTree = "<group>";
		};
		028F1B021B0E6B6C006FDFDF /* Supporting Files */ = {
			isa = PBXGroup;
			children = (
				028F1B031B0E6B6C006FDFDF /* Info.plist */,
			);
			name = "Supporting Files";
			sourceTree = "<group>";
		};
		02D00FB518E6258C00FC3054 /* Frameworks */ = {
			isa = PBXGroup;
			children = (
				02C8914618F1690F0097B6BC /* Foundation.framework */,
			);
			name = Frameworks;
			sourceTree = "<group>";
		};
		02D051D419DE329D00827660 /* Interfaces */ = {
			isa = PBXGroup;
			children = (
				02D051D619DE32CB00827660 /* DKAllocation.h */,
				02D051D519DE32CB00827660 /* DKAllocation.c */,
				02D051D019DE2FA300827660 /* DKComparison.h */,
				02D051CF19DE2FA300827660 /* DKComparison.c */,
				0212831F1C244F9A00B7C3A7 /* DKConversion.h */,
				0212831E1C244F9A00B7C3A7 /* DKConversion.c */,
				02D051DB19DE345100827660 /* DKCopying.h */,
				02D051DA19DE345100827660 /* DKCopying.c */,
				02D051E019DE39D700827660 /* DKDescription.h */,
				02D051DF19DE39D700827660 /* DKDescription.c */,
				023B128119E0C25800B2D683 /* DKLocking.h */,
				023B128019E0C25800B2D683 /* DKLocking.c */,
				0269BF2B19D85669002E876C /* DKStream.h */,
				025C0F5818EFED97000344C0 /* DKStream.c */,
			);
			name = Interfaces;
			sourceTree = "<group>";
		};
/* End PBXGroup section */

/* Begin PBXHeadersBuildPhase section */
		028F1A861B0DCA85006FDFDF /* Headers */ = {
			isa = PBXHeadersBuildPhase;
			buildActionMask = 2147483647;
			files = (
				028F1AA21B0DCBBB006FDFDF /* Duck.h in Headers */,
				028F1AA31B0DCBBB006FDFDF /* DKConfig.h in Headers */,
				028F1AA41B0DCBBB006FDFDF /* DKPlatform.h in Headers */,
				028F1AA51B0DCBBB006FDFDF /* DKRuntime.h in Headers */,
				028F1AA61B0DCBBB006FDFDF /* DKRuntime+Interfaces.h in Headers */,
				028F1AA71B0DCBBB006FDFDF /* DKRuntime+Properties.h in Headers */,
				028F1AA81B0DCBBB006FDFDF /* DKRuntime+RefCount.h in Headers */,
				028F1AA91B0DCBBB006FDFDF /* DKRuntime+Reflection.h in Headers */,
				0206AE091B1235490095C52F /* DKRuntime+Metadata.h in Headers */,
				028F1AAA1B0DCBBB006FDFDF /* DKAllocation.h in Headers */,
				028F1AAB1B0DCBBB006FDFDF /* DKComparison.h in Headers */,
				028F1AAC1B0DCBBB006FDFDF /* DKCopying.h in Headers */,
				028F1AAD1B0DCBBB006FDFDF /* DKDescription.h in Headers */,
				028F1AAE1B0DCBBB006FDFDF /* DKLocking.h in Headers */,
				028F1AAF1B0DCBBB006FDFDF /* DKStream.h in Headers */,
				028F1AB01B0DCBBB006FDFDF /* DKArray.h in Headers */,
				028F1AB11B0DCBBB006FDFDF /* DKBinaryTree.h in Headers */,
				028F1AB21B0DCBBB006FDFDF /* DKCollection.h in Headers */,
				028F1AB31B0DCBBB006FDFDF /* DKDictionary.h in Headers */,
				028F1AB41B0DCBBB006FDFDF /* DKHashTable.h in Headers */,
				028F1AB51B0DCBBB006FDFDF /* DKLinkedList.h in Headers */,
				028F1AB61B0DCBBB006FDFDF /* DKList.h in Headers */,
				028F1AB71B0DCBBB006FDFDF /* DKSet.h in Headers */,
				028F1AB81B0DCBBB006FDFDF /* DKBoolean.h in Headers */,
				028F1AB91B0DCBBB006FDFDF /* DKData.h in Headers */,
				028F1ABA1B0DCBBB006FDFDF /* DKNumber.h in Headers */,
				028F1ABB1B0DCBBB006FDFDF /* DKString.h in Headers */,
				028F1ABC1B0DCBBB006FDFDF /* DKStruct.h in Headers */,
				028F1ABD1B0DCBBB006FDFDF /* DKByteArray.h in Headers */,
				028F1ABE1B0DCBBB006FDFDF /* DKGenericArray.h in Headers */,
				028F1ABF1B0DCBBB006FDFDF /* DKGenericHashTable.h in Headers */,
				028F1AC01B0DCBBB006FDFDF /* DKNodePool.h in Headers */,
				028F1AC11B0DCBBB006FDFDF /* DKEgg.h in Headers */,
				028F1AC21B0DCBBB006FDFDF /* DKEncoding.h in Headers */,
				028F1AC31B0DCBBB006FDFDF /* DKFile.h in Headers */,
				028F1AC41B0DCBBB006FDFDF /* DKJSON.h in Headers */,
				028F1AC51B0DCBBB006FDFDF /* DKPredicate.h in Headers */,
				028F1AC61B0DCBBB006FDFDF /* DKThread.h in Headers */,
				02C3079A1C3056270077DC56 /* DKReadWriteLock.h in Headers */,
				02C307941C3053A00077DC56 /* DKCondition.h in Headers */,
				02C3078E1C304F8A0077DC56 /* DKMutex.h in Headers */,
				028F1AC71B0DCBBB006FDFDF /* DKUnicode.h in Headers */,
				02393EBD1C3EFE15009E8731 /* DKXML.h in Headers */,
				026FBD1A1C309B5F00C96822 /* DKThreadPool.h in Headers */,
				025D78031C245CB7005C56A4 /* DKConversion.h in Headers */,
				02393EC41C3F19F0009E8731 /* yxml.h in Headers */,
			);
			runOnlyForDeploymentPostprocessing = 0;
		};
		028F1AFD1B0E6B6C006FDFDF /* Headers */ = {
			isa = PBXHeadersBuildPhase;
			buildActionMask = 2147483647;
			files = (
				028F1B3D1B0E6BFB006FDFDF /* Duck.h in Headers */,
				028F1B3E1B0E6BFB006FDFDF /* DKConfig.h in Headers */,
				028F1B3F1B0E6BFB006FDFDF /* DKPlatform.h in Headers */,
				028F1B401B0E6BFB006FDFDF /* DKRuntime.h in Headers */,
				028F1B411B0E6BFB006FDFDF /* DKRuntime+Interfaces.h in Headers */,
				028F1B421B0E6BFB006FDFDF /* DKRuntime+Properties.h in Headers */,
				028F1B431B0E6BFB006FDFDF /* DKRuntime+RefCount.h in Headers */,
				028F1B441B0E6BFB006FDFDF /* DKRuntime+Reflection.h in Headers */,
				0206AE0A1B1235490095C52F /* DKRuntime+Metadata.h in Headers */,
				028F1B451B0E6BFB006FDFDF /* DKAllocation.h in Headers */,
				028F1B461B0E6BFB006FDFDF /* DKComparison.h in Headers */,
				028F1B471B0E6BFB006FDFDF /* DKCopying.h in Headers */,
				028F1B481B0E6BFB006FDFDF /* DKDescription.h in Headers */,
				028F1B491B0E6BFB006FDFDF /* DKLocking.h in Headers */,
				028F1B4A1B0E6BFB006FDFDF /* DKStream.h in Headers */,
				028F1B4B1B0E6BFB006FDFDF /* DKArray.h in Headers */,
				028F1B4C1B0E6BFB006FDFDF /* DKBinaryTree.h in Headers */,
				028F1B4D1B0E6BFB006FDFDF /* DKCollection.h in Headers */,
				028F1B4E1B0E6BFB006FDFDF /* DKDictionary.h in Headers */,
				028F1B4F1B0E6BFB006FDFDF /* DKHashTable.h in Headers */,
				028F1B501B0E6BFB006FDFDF /* DKLinkedList.h in Headers */,
				028F1B511B0E6BFB006FDFDF /* DKList.h in Headers */,
				028F1B521B0E6BFB006FDFDF /* DKSet.h in Headers */,
				028F1B531B0E6BFB006FDFDF /* DKBoolean.h in Headers */,
				028F1B541B0E6BFB006FDFDF /* DKData.h in Headers */,
				028F1B551B0E6BFB006FDFDF /* DKNumber.h in Headers */,
				028F1B561B0E6BFB006FDFDF /* DKString.h in Headers */,
				028F1B571B0E6BFC006FDFDF /* DKStruct.h in Headers */,
				028F1B581B0E6BFC006FDFDF /* DKByteArray.h in Headers */,
				028F1B591B0E6BFC006FDFDF /* DKGenericArray.h in Headers */,
				028F1B5A1B0E6BFC006FDFDF /* DKGenericHashTable.h in Headers */,
				028F1B5B1B0E6BFC006FDFDF /* DKNodePool.h in Headers */,
				028F1B5C1B0E6BFC006FDFDF /* DKEgg.h in Headers */,
				028F1B5D1B0E6BFC006FDFDF /* DKEncoding.h in Headers */,
				028F1B5E1B0E6BFC006FDFDF /* DKFile.h in Headers */,
				028F1B5F1B0E6BFC006FDFDF /* DKJSON.h in Headers */,
				028F1B601B0E6BFC006FDFDF /* DKPredicate.h in Headers */,
				02C3079B1C3056270077DC56 /* DKReadWriteLock.h in Headers */,
				026FBD1B1C309B5F00C96822 /* DKThreadPool.h in Headers */,
				02C307951C3053A00077DC56 /* DKCondition.h in Headers */,
				02C3078F1C304F8A0077DC56 /* DKMutex.h in Headers */,
				028F1B611B0E6BFC006FDFDF /* DKThread.h in Headers */,
				021283231C244F9A00B7C3A7 /* DKConversion.h in Headers */,
				028F1B621B0E6BFC006FDFDF /* DKUnicode.h in Headers */,
				02393EC31C3F1999009E8731 /* DKXML.h in Headers */,
				02393EC51C3F19FE009E8731 /* yxml.h in Headers */,
			);
			runOnlyForDeploymentPostprocessing = 0;
		};
/* End PBXHeadersBuildPhase section */

/* Begin PBXNativeTarget section */
		028F1A881B0DCA85006FDFDF /* Duck-MacOS */ = {
			isa = PBXNativeTarget;
			buildConfigurationList = 028F1A9C1B0DCA86006FDFDF /* Build configuration list for PBXNativeTarget "Duck-MacOS" */;
			buildPhases = (
				028F1A841B0DCA85006FDFDF /* Sources */,
				028F1A851B0DCA85006FDFDF /* Frameworks */,
				028F1A861B0DCA85006FDFDF /* Headers */,
				028F1A871B0DCA85006FDFDF /* Resources */,
			);
			buildRules = (
			);
			dependencies = (
			);
			name = "Duck-MacOS";
			productName = Duck;
			productReference = 028F1A891B0DCA85006FDFDF /* Duck.framework */;
			productType = "com.apple.product-type.framework";
		};
		028F1A921B0DCA85006FDFDF /* Duck-Tests */ = {
			isa = PBXNativeTarget;
			buildConfigurationList = 028F1A9F1B0DCA86006FDFDF /* Build configuration list for PBXNativeTarget "Duck-Tests" */;
			buildPhases = (
				028F1A8F1B0DCA85006FDFDF /* Sources */,
				028F1A901B0DCA85006FDFDF /* Frameworks */,
				028F1A911B0DCA85006FDFDF /* Resources */,
			);
			buildRules = (
			);
			dependencies = (
				028F1A961B0DCA86006FDFDF /* PBXTargetDependency */,
			);
			name = "Duck-Tests";
			productName = DuckTests;
			productReference = 028F1A931B0DCA85006FDFDF /* Duck-Tests.xctest */;
			productType = "com.apple.product-type.bundle.unit-test";
		};
		028F1AFF1B0E6B6C006FDFDF /* Duck-iOS */ = {
			isa = PBXNativeTarget;
			buildConfigurationList = 028F1B131B0E6B6D006FDFDF /* Build configuration list for PBXNativeTarget "Duck-iOS" */;
			buildPhases = (
				028F1AFB1B0E6B6C006FDFDF /* Sources */,
				028F1AFC1B0E6B6C006FDFDF /* Frameworks */,
				028F1AFD1B0E6B6C006FDFDF /* Headers */,
				028F1AFE1B0E6B6C006FDFDF /* Resources */,
			);
			buildRules = (
			);
			dependencies = (
			);
			name = "Duck-iOS";
			productName = "Duck-iOS";
			productReference = 028F1B001B0E6B6C006FDFDF /* Duck.framework */;
			productType = "com.apple.product-type.framework";
		};
/* End PBXNativeTarget section */

/* Begin PBXProject section */
		024EE3D9148E0B21008FDADC /* Project object */ = {
			isa = PBXProject;
			attributes = {
				LastUpgradeCheck = 0720;
				ORGANIZATIONNAME = "Derek W. Nylen";
				TargetAttributes = {
					028F1A881B0DCA85006FDFDF = {
						CreatedOnToolsVersion = 6.3.1;
					};
					028F1A921B0DCA85006FDFDF = {
						CreatedOnToolsVersion = 6.3.1;
					};
					028F1AFF1B0E6B6C006FDFDF = {
						CreatedOnToolsVersion = 6.3.1;
						DevelopmentTeam = D45B9CGB68;
					};
				};
			};
			buildConfigurationList = 024EE3DC148E0B21008FDADC /* Build configuration list for PBXProject "Duck" */;
			compatibilityVersion = "Xcode 3.2";
			developmentRegion = English;
			hasScannedForEncodings = 0;
			knownRegions = (
				en,
			);
			mainGroup = 024EE3D7148E0B21008FDADC;
			productRefGroup = 024EE3E3148E0B21008FDADC /* Products */;
			projectDirPath = "";
			projectRoot = "";
			targets = (
				028F1A881B0DCA85006FDFDF /* Duck-MacOS */,
				028F1AFF1B0E6B6C006FDFDF /* Duck-iOS */,
				028F1A921B0DCA85006FDFDF /* Duck-Tests */,
			);
		};
/* End PBXProject section */

/* Begin PBXResourcesBuildPhase section */
		028F1A871B0DCA85006FDFDF /* Resources */ = {
			isa = PBXResourcesBuildPhase;
			buildActionMask = 2147483647;
			files = (
				021808771C3A323200989024 /* COPYING in Resources */,
			);
			runOnlyForDeploymentPostprocessing = 0;
		};
		028F1A911B0DCA85006FDFDF /* Resources */ = {
			isa = PBXResourcesBuildPhase;
			buildActionMask = 2147483647;
			files = (
				028F1AFA1B0E63A5006FDFDF /* dictionary.txt in Resources */,
				02393EBF1C3F16BB009E8731 /* test.xml in Resources */,
			);
			runOnlyForDeploymentPostprocessing = 0;
		};
		028F1AFE1B0E6B6C006FDFDF /* Resources */ = {
			isa = PBXResourcesBuildPhase;
			buildActionMask = 2147483647;
			files = (
				021808781C3A323200989024 /* COPYING in Resources */,
			);
			runOnlyForDeploymentPostprocessing = 0;
		};
/* End PBXResourcesBuildPhase section */

/* Begin PBXSourcesBuildPhase section */
		028F1A841B0DCA85006FDFDF /* Sources */ = {
			isa = PBXSourcesBuildPhase;
			buildActionMask = 2147483647;
			files = (
				028F1AC81B0DCC05006FDFDF /* DKPlatform.c in Sources */,
				028F1AC91B0DCC05006FDFDF /* DKRuntime.c in Sources */,
				028F1ACA1B0DCC05006FDFDF /* DKRuntime+Interfaces.c in Sources */,
				028F1ACB1B0DCC05006FDFDF /* DKRuntime+Properties.c in Sources */,
				028F1ACC1B0DCC05006FDFDF /* DKRuntime+RefCount.c in Sources */,
				02C307921C3053A00077DC56 /* DKCondition.c in Sources */,
				028F1ACD1B0DCC05006FDFDF /* DKRuntime+Reflection.c in Sources */,
				028F1ACE1B0DCC05006FDFDF /* DKAllocation.c in Sources */,
				028F1ACF1B0DCC05006FDFDF /* DKComparison.c in Sources */,
				028F1AD01B0DCC05006FDFDF /* DKCopying.c in Sources */,
				028F1AD11B0DCC05006FDFDF /* DKDescription.c in Sources */,
				028F1AD21B0DCC05006FDFDF /* DKLocking.c in Sources */,
				028F1AD31B0DCC05006FDFDF /* DKStream.c in Sources */,
				028F1AD41B0DCC05006FDFDF /* DKArray.c in Sources */,
				028F1AD51B0DCC05006FDFDF /* DKBinaryTree.c in Sources */,
				028F1AD61B0DCC05006FDFDF /* DKCollection.c in Sources */,
				028F1AD71B0DCC05006FDFDF /* DKDictionary.c in Sources */,
				028F1AD81B0DCC05006FDFDF /* DKHashTable.c in Sources */,
				028F1AD91B0DCC05006FDFDF /* DKLinkedList.c in Sources */,
				028F1ADA1B0DCC05006FDFDF /* DKList.c in Sources */,
				028F1ADB1B0DCC05006FDFDF /* DKSet.c in Sources */,
				028F1ADC1B0DCC05006FDFDF /* DKBoolean.c in Sources */,
				028F1ADD1B0DCC05006FDFDF /* DKData.c in Sources */,
				028F1ADE1B0DCC05006FDFDF /* DKNumber.c in Sources */,
				026FBD181C309B5F00C96822 /* DKThreadPool.c in Sources */,
				028F1ADF1B0DCC05006FDFDF /* DKString.c in Sources */,
				028F1AE01B0DCC05006FDFDF /* DKStruct.c in Sources */,
				028F1AE11B0DCC05006FDFDF /* DKByteArray.c in Sources */,
				028F1AE21B0DCC05006FDFDF /* DKGenericArray.c in Sources */,
				028F1AE31B0DCC05006FDFDF /* DKGenericHashTable.c in Sources */,
				02C3078C1C304F8A0077DC56 /* DKMutex.c in Sources */,
				028F1AE41B0DCC05006FDFDF /* DKNodePool.c in Sources */,
				028F1AE51B0DCC05006FDFDF /* DKEgg.c in Sources */,
				021808791C3A323200989024 /* yxml.c in Sources */,
				0206AE071B1235490095C52F /* DKRuntime+Metadata.c in Sources */,
				028F1AE61B0DCC05006FDFDF /* DKEncoding.c in Sources */,
				028F1AE71B0DCC05006FDFDF /* DKFile.c in Sources */,
				02C307981C3056270077DC56 /* DKReadWriteLock.c in Sources */,
				028F1AE81B0DCC05006FDFDF /* DKJSON.c in Sources */,
				02393EBC1C3EFE15009E8731 /* DKXML.c in Sources */,
				028F1AE91B0DCC05006FDFDF /* DKPredicate.c in Sources */,
				028F1AEA1B0DCC05006FDFDF /* DKThread.c in Sources */,
				028F1AEB1B0DCC05006FDFDF /* DKUnicode.c in Sources */,
				028F1AEC1B0DCC05006FDFDF /* utf_impl.c in Sources */,
				021283201C244F9A00B7C3A7 /* DKConversion.c in Sources */,
			);
			runOnlyForDeploymentPostprocessing = 0;
		};
		028F1A8F1B0DCA85006FDFDF /* Sources */ = {
			isa = PBXSourcesBuildPhase;
			buildActionMask = 2147483647;
			files = (
				028F1AF01B0E639C006FDFDF /* TestDKEgg.m in Sources */,
				028F1AF11B0E639C006FDFDF /* TestDKData.m in Sources */,
				028F1AF21B0E639C006FDFDF /* TestDKDictionary.m in Sources */,
				028F1AF31B0E639C006FDFDF /* TestDKList.m in Sources */,
				028F1AF41B0E639C006FDFDF /* TestDKNumber.m in Sources */,
				028F1AF51B0E639C006FDFDF /* TestDKPredicate.m in Sources */,
				02393EC11C3F16F6009E8731 /* TestDKXML.m in Sources */,
				028F1AF61B0E639D006FDFDF /* TestDKProperty.m in Sources */,
				028F1AF71B0E639D006FDFDF /* TestDKRuntime.m in Sources */,
				028F1B651B0E6F89006FDFDF /* TestDKJSON.m in Sources */,
				028F1AF81B0E639D006FDFDF /* TestDKSet.m in Sources */,
				028F1AF91B0E639D006FDFDF /* TestDKString.m in Sources */,
			);
			runOnlyForDeploymentPostprocessing = 0;
		};
		028F1AFB1B0E6B6C006FDFDF /* Sources */ = {
			isa = PBXSourcesBuildPhase;
			buildActionMask = 2147483647;
			files = (
				028F1B191B0E6BC9006FDFDF /* DKPlatform.c in Sources */,
				028F1B1A1B0E6BC9006FDFDF /* DKRuntime.c in Sources */,
				028F1B1B1B0E6BC9006FDFDF /* DKRuntime+Interfaces.c in Sources */,
				028F1B1C1B0E6BC9006FDFDF /* DKRuntime+Properties.c in Sources */,
				028F1B1D1B0E6BC9006FDFDF /* DKRuntime+RefCount.c in Sources */,
				02C307931C3053A00077DC56 /* DKCondition.c in Sources */,
				028F1B1E1B0E6BC9006FDFDF /* DKRuntime+Reflection.c in Sources */,
				028F1B1F1B0E6BC9006FDFDF /* DKAllocation.c in Sources */,
				028F1B201B0E6BC9006FDFDF /* DKComparison.c in Sources */,
				028F1B211B0E6BC9006FDFDF /* DKCopying.c in Sources */,
				028F1B221B0E6BC9006FDFDF /* DKDescription.c in Sources */,
				028F1B231B0E6BC9006FDFDF /* DKLocking.c in Sources */,
				028F1B241B0E6BC9006FDFDF /* DKStream.c in Sources */,
				028F1B251B0E6BC9006FDFDF /* DKArray.c in Sources */,
				028F1B261B0E6BC9006FDFDF /* DKBinaryTree.c in Sources */,
				028F1B271B0E6BC9006FDFDF /* DKCollection.c in Sources */,
				028F1B281B0E6BC9006FDFDF /* DKDictionary.c in Sources */,
				028F1B291B0E6BC9006FDFDF /* DKHashTable.c in Sources */,
				028F1B2A1B0E6BC9006FDFDF /* DKLinkedList.c in Sources */,
				028F1B2B1B0E6BC9006FDFDF /* DKList.c in Sources */,
				028F1B2C1B0E6BC9006FDFDF /* DKSet.c in Sources */,
				028F1B2D1B0E6BC9006FDFDF /* DKBoolean.c in Sources */,
				028F1B2E1B0E6BC9006FDFDF /* DKData.c in Sources */,
				028F1B2F1B0E6BC9006FDFDF /* DKNumber.c in Sources */,
				026FBD191C309B5F00C96822 /* DKThreadPool.c in Sources */,
				028F1B301B0E6BC9006FDFDF /* DKString.c in Sources */,
				028F1B311B0E6BC9006FDFDF /* DKStruct.c in Sources */,
				028F1B321B0E6BC9006FDFDF /* DKByteArray.c in Sources */,
				028F1B331B0E6BC9006FDFDF /* DKGenericArray.c in Sources */,
				028F1B341B0E6BC9006FDFDF /* DKGenericHashTable.c in Sources */,
				02C3078D1C304F8A0077DC56 /* DKMutex.c in Sources */,
				028F1B351B0E6BC9006FDFDF /* DKNodePool.c in Sources */,
				028F1B361B0E6BC9006FDFDF /* DKEgg.c in Sources */,
				0218087A1C3A323200989024 /* yxml.c in Sources */,
				0206AE081B1235490095C52F /* DKRuntime+Metadata.c in Sources */,
				028F1B371B0E6BCA006FDFDF /* DKEncoding.c in Sources */,
				028F1B381B0E6BCA006FDFDF /* DKFile.c in Sources */,
				02C307991C3056270077DC56 /* DKReadWriteLock.c in Sources */,
				028F1B391B0E6BCA006FDFDF /* DKJSON.c in Sources */,
				026911C81C51E72A00432EAC /* DKXML.c in Sources */,
				028F1B3A1B0E6BCA006FDFDF /* DKPredicate.c in Sources */,
				028F1B3B1B0E6BCA006FDFDF /* DKThread.c in Sources */,
				028F1B3C1B0E6BCA006FDFDF /* DKUnicode.c in Sources */,
				028F1B631B0E6C0F006FDFDF /* utf_impl.c in Sources */,
				021283211C244F9A00B7C3A7 /* DKConversion.c in Sources */,
			);
			runOnlyForDeploymentPostprocessing = 0;
		};
/* End PBXSourcesBuildPhase section */

/* Begin PBXTargetDependency section */
		028F1A961B0DCA86006FDFDF /* PBXTargetDependency */ = {
			isa = PBXTargetDependency;
			target = 028F1A881B0DCA85006FDFDF /* Duck-MacOS */;
			targetProxy = 028F1A951B0DCA86006FDFDF /* PBXContainerItemProxy */;
		};
/* End PBXTargetDependency section */

/* Begin XCBuildConfiguration section */
		024EE3E4148E0B21008FDADC /* Debug */ = {
			isa = XCBuildConfiguration;
			buildSettings = {
				ALWAYS_SEARCH_USER_PATHS = NO;
				CLANG_WARN_BOOL_CONVERSION = YES;
				CLANG_WARN_CONSTANT_CONVERSION = YES;
				CLANG_WARN_EMPTY_BODY = YES;
				CLANG_WARN_ENUM_CONVERSION = YES;
				CLANG_WARN_INT_CONVERSION = YES;
				CLANG_WARN_UNREACHABLE_CODE = YES;
				CLANG_WARN__DUPLICATE_METHOD_MATCH = YES;
				COPY_PHASE_STRIP = NO;
				ENABLE_STRICT_OBJC_MSGSEND = YES;
				ENABLE_TESTABILITY = YES;
				GCC_DYNAMIC_NO_PIC = NO;
				GCC_ENABLE_OBJC_EXCEPTIONS = YES;
				GCC_NO_COMMON_BLOCKS = YES;
				GCC_OPTIMIZATION_LEVEL = 0;
				GCC_PREPROCESSOR_DEFINITIONS = (
					"DEBUG=1",
					"$(inherited)",
				);
				GCC_SYMBOLS_PRIVATE_EXTERN = NO;
				GCC_VERSION = com.apple.compilers.llvm.clang.1_0;
				GCC_WARN_64_TO_32_BIT_CONVERSION = YES;
				GCC_WARN_ABOUT_MISSING_PROTOTYPES = YES;
				GCC_WARN_ABOUT_RETURN_TYPE = YES;
				GCC_WARN_UNDECLARED_SELECTOR = YES;
				GCC_WARN_UNINITIALIZED_AUTOS = YES;
				GCC_WARN_UNUSED_FUNCTION = YES;
				GCC_WARN_UNUSED_VARIABLE = YES;
				MACOSX_DEPLOYMENT_TARGET = 10.7;
				ONLY_ACTIVE_ARCH = YES;
				SDKROOT = macosx;
				USER_HEADER_SEARCH_PATHS = "ThirdParty ThirdParty/icu";
			};
			name = Debug;
		};
		024EE3E5148E0B21008FDADC /* Release */ = {
			isa = XCBuildConfiguration;
			buildSettings = {
				ALWAYS_SEARCH_USER_PATHS = NO;
				CLANG_WARN_BOOL_CONVERSION = YES;
				CLANG_WARN_CONSTANT_CONVERSION = YES;
				CLANG_WARN_EMPTY_BODY = YES;
				CLANG_WARN_ENUM_CONVERSION = YES;
				CLANG_WARN_INT_CONVERSION = YES;
				CLANG_WARN_UNREACHABLE_CODE = YES;
				CLANG_WARN__DUPLICATE_METHOD_MATCH = YES;
				COPY_PHASE_STRIP = YES;
				DEBUG_INFORMATION_FORMAT = "dwarf-with-dsym";
				ENABLE_STRICT_OBJC_MSGSEND = YES;
				GCC_ENABLE_OBJC_EXCEPTIONS = YES;
				GCC_NO_COMMON_BLOCKS = YES;
				GCC_OPTIMIZATION_LEVEL = s;
				GCC_VERSION = com.apple.compilers.llvm.clang.1_0;
				GCC_WARN_64_TO_32_BIT_CONVERSION = YES;
				GCC_WARN_ABOUT_MISSING_PROTOTYPES = YES;
				GCC_WARN_ABOUT_RETURN_TYPE = YES;
				GCC_WARN_UNDECLARED_SELECTOR = YES;
				GCC_WARN_UNINITIALIZED_AUTOS = YES;
				GCC_WARN_UNUSED_FUNCTION = YES;
				GCC_WARN_UNUSED_VARIABLE = YES;
				MACOSX_DEPLOYMENT_TARGET = 10.7;
				SDKROOT = macosx;
				USER_HEADER_SEARCH_PATHS = "ThirdParty ThirdParty/icu";
			};
			name = Release;
		};
		028F1A9D1B0DCA86006FDFDF /* Debug */ = {
			isa = XCBuildConfiguration;
			buildSettings = {
				CLANG_CXX_LANGUAGE_STANDARD = "gnu++0x";
				CLANG_CXX_LIBRARY = "libc++";
				CLANG_ENABLE_MODULES = YES;
				CLANG_ENABLE_OBJC_ARC = YES;
				CLANG_WARN_BOOL_CONVERSION = YES;
				CLANG_WARN_CONSTANT_CONVERSION = YES;
				CLANG_WARN_DIRECT_OBJC_ISA_USAGE = YES_ERROR;
				CLANG_WARN_EMPTY_BODY = YES;
				CLANG_WARN_ENUM_CONVERSION = YES;
				CLANG_WARN_OBJC_ROOT_CLASS = YES_ERROR;
				CLANG_WARN_UNREACHABLE_CODE = YES;
				CLANG_WARN__DUPLICATE_METHOD_MATCH = YES;
				COMBINE_HIDPI_IMAGES = YES;
				CURRENT_PROJECT_VERSION = 1;
				DEBUG_INFORMATION_FORMAT = dwarf;
				DEFINES_MODULE = YES;
				DYLIB_COMPATIBILITY_VERSION = 1;
				DYLIB_CURRENT_VERSION = 1;
				DYLIB_INSTALL_NAME_BASE = "@rpath";
				ENABLE_STRICT_OBJC_MSGSEND = YES;
				FRAMEWORK_VERSION = A;
				GCC_C_LANGUAGE_STANDARD = gnu99;
				GCC_NO_COMMON_BLOCKS = YES;
				GCC_PREPROCESSOR_DEFINITIONS = (
					"DEBUG=1",
					"$(inherited)",
				);
				GCC_WARN_ABOUT_RETURN_TYPE = YES_ERROR;
				GCC_WARN_UNDECLARED_SELECTOR = YES;
				GCC_WARN_UNINITIALIZED_AUTOS = YES_AGGRESSIVE;
				GCC_WARN_UNUSED_FUNCTION = YES;
				INFOPLIST_FILE = "Duck-MacOS/Info.plist";
				INSTALL_PATH = "@executable_path/../Frameworks";
				LD_RUNPATH_SEARCH_PATHS = "$(inherited) @executable_path/../Frameworks @loader_path/Frameworks";
				MACOSX_DEPLOYMENT_TARGET = 10.10;
				MTL_ENABLE_DEBUG_INFO = YES;
				PRODUCT_BUNDLE_IDENTIFIER = "com.Hurlybird.$(PRODUCT_NAME:rfc1034identifier)";
				PRODUCT_NAME = Duck;
				SKIP_INSTALL = YES;
				VERSIONING_SYSTEM = "apple-generic";
				VERSION_INFO_PREFIX = "";
			};
			name = Debug;
		};
		028F1A9E1B0DCA86006FDFDF /* Release */ = {
			isa = XCBuildConfiguration;
			buildSettings = {
				CLANG_CXX_LANGUAGE_STANDARD = "gnu++0x";
				CLANG_CXX_LIBRARY = "libc++";
				CLANG_ENABLE_MODULES = YES;
				CLANG_ENABLE_OBJC_ARC = YES;
				CLANG_WARN_BOOL_CONVERSION = YES;
				CLANG_WARN_CONSTANT_CONVERSION = YES;
				CLANG_WARN_DIRECT_OBJC_ISA_USAGE = YES_ERROR;
				CLANG_WARN_EMPTY_BODY = YES;
				CLANG_WARN_ENUM_CONVERSION = YES;
				CLANG_WARN_OBJC_ROOT_CLASS = YES_ERROR;
				CLANG_WARN_UNREACHABLE_CODE = YES;
				CLANG_WARN__DUPLICATE_METHOD_MATCH = YES;
				COMBINE_HIDPI_IMAGES = YES;
				COPY_PHASE_STRIP = NO;
				CURRENT_PROJECT_VERSION = 1;
				DEFINES_MODULE = YES;
				DYLIB_COMPATIBILITY_VERSION = 1;
				DYLIB_CURRENT_VERSION = 1;
				DYLIB_INSTALL_NAME_BASE = "@rpath";
				ENABLE_NS_ASSERTIONS = NO;
				ENABLE_STRICT_OBJC_MSGSEND = YES;
				FRAMEWORK_VERSION = A;
				GCC_C_LANGUAGE_STANDARD = gnu99;
				GCC_NO_COMMON_BLOCKS = YES;
				GCC_WARN_ABOUT_RETURN_TYPE = YES_ERROR;
				GCC_WARN_UNDECLARED_SELECTOR = YES;
				GCC_WARN_UNINITIALIZED_AUTOS = YES_AGGRESSIVE;
				GCC_WARN_UNUSED_FUNCTION = YES;
				INFOPLIST_FILE = "Duck-MacOS/Info.plist";
				INSTALL_PATH = "@executable_path/../Frameworks";
				LD_RUNPATH_SEARCH_PATHS = "$(inherited) @executable_path/../Frameworks @loader_path/Frameworks";
				MACOSX_DEPLOYMENT_TARGET = 10.10;
				MTL_ENABLE_DEBUG_INFO = NO;
				PRODUCT_BUNDLE_IDENTIFIER = "com.Hurlybird.$(PRODUCT_NAME:rfc1034identifier)";
				PRODUCT_NAME = Duck;
				SKIP_INSTALL = YES;
				VERSIONING_SYSTEM = "apple-generic";
				VERSION_INFO_PREFIX = "";
			};
			name = Release;
		};
		028F1AA01B0DCA86006FDFDF /* Debug */ = {
			isa = XCBuildConfiguration;
			buildSettings = {
				CLANG_CXX_LANGUAGE_STANDARD = "gnu++0x";
				CLANG_CXX_LIBRARY = "libc++";
				CLANG_ENABLE_MODULES = YES;
				CLANG_ENABLE_OBJC_ARC = YES;
				CLANG_WARN_BOOL_CONVERSION = YES;
				CLANG_WARN_CONSTANT_CONVERSION = YES;
				CLANG_WARN_DIRECT_OBJC_ISA_USAGE = YES_ERROR;
				CLANG_WARN_EMPTY_BODY = YES;
				CLANG_WARN_ENUM_CONVERSION = YES;
				CLANG_WARN_OBJC_ROOT_CLASS = YES_ERROR;
				CLANG_WARN_UNREACHABLE_CODE = YES;
				CLANG_WARN__DUPLICATE_METHOD_MATCH = YES;
				COMBINE_HIDPI_IMAGES = YES;
				DEBUG_INFORMATION_FORMAT = dwarf;
				ENABLE_STRICT_OBJC_MSGSEND = YES;
				FRAMEWORK_SEARCH_PATHS = (
					"$(DEVELOPER_FRAMEWORKS_DIR)",
					"$(inherited)",
				);
				GCC_C_LANGUAGE_STANDARD = gnu99;
				GCC_NO_COMMON_BLOCKS = YES;
				GCC_PREPROCESSOR_DEFINITIONS = (
					"DEBUG=1",
					"$(inherited)",
				);
				GCC_WARN_ABOUT_RETURN_TYPE = YES_ERROR;
				GCC_WARN_UNDECLARED_SELECTOR = YES;
				GCC_WARN_UNINITIALIZED_AUTOS = YES_AGGRESSIVE;
				GCC_WARN_UNUSED_FUNCTION = YES;
				INFOPLIST_FILE = "Duck-Tests/Info.plist";
				LD_RUNPATH_SEARCH_PATHS = "$(inherited) @executable_path/../Frameworks @loader_path/../Frameworks";
				MACOSX_DEPLOYMENT_TARGET = 10.10;
				MTL_ENABLE_DEBUG_INFO = YES;
				PRODUCT_BUNDLE_IDENTIFIER = "com.Hurlybird.$(PRODUCT_NAME:rfc1034identifier)";
				PRODUCT_NAME = "$(TARGET_NAME)";
			};
			name = Debug;
		};
		028F1AA11B0DCA86006FDFDF /* Release */ = {
			isa = XCBuildConfiguration;
			buildSettings = {
				CLANG_CXX_LANGUAGE_STANDARD = "gnu++0x";
				CLANG_CXX_LIBRARY = "libc++";
				CLANG_ENABLE_MODULES = YES;
				CLANG_ENABLE_OBJC_ARC = YES;
				CLANG_WARN_BOOL_CONVERSION = YES;
				CLANG_WARN_CONSTANT_CONVERSION = YES;
				CLANG_WARN_DIRECT_OBJC_ISA_USAGE = YES_ERROR;
				CLANG_WARN_EMPTY_BODY = YES;
				CLANG_WARN_ENUM_CONVERSION = YES;
				CLANG_WARN_OBJC_ROOT_CLASS = YES_ERROR;
				CLANG_WARN_UNREACHABLE_CODE = YES;
				CLANG_WARN__DUPLICATE_METHOD_MATCH = YES;
				COMBINE_HIDPI_IMAGES = YES;
				COPY_PHASE_STRIP = NO;
				ENABLE_NS_ASSERTIONS = NO;
				ENABLE_STRICT_OBJC_MSGSEND = YES;
				FRAMEWORK_SEARCH_PATHS = (
					"$(DEVELOPER_FRAMEWORKS_DIR)",
					"$(inherited)",
				);
				GCC_C_LANGUAGE_STANDARD = gnu99;
				GCC_NO_COMMON_BLOCKS = YES;
				GCC_WARN_ABOUT_RETURN_TYPE = YES_ERROR;
				GCC_WARN_UNDECLARED_SELECTOR = YES;
				GCC_WARN_UNINITIALIZED_AUTOS = YES_AGGRESSIVE;
				GCC_WARN_UNUSED_FUNCTION = YES;
				INFOPLIST_FILE = "Duck-Tests/Info.plist";
				LD_RUNPATH_SEARCH_PATHS = "$(inherited) @executable_path/../Frameworks @loader_path/../Frameworks";
				MACOSX_DEPLOYMENT_TARGET = 10.10;
				MTL_ENABLE_DEBUG_INFO = NO;
				PRODUCT_BUNDLE_IDENTIFIER = "com.Hurlybird.$(PRODUCT_NAME:rfc1034identifier)";
				PRODUCT_NAME = "$(TARGET_NAME)";
			};
			name = Release;
		};
		028F1B141B0E6B6D006FDFDF /* Debug */ = {
			isa = XCBuildConfiguration;
			buildSettings = {
				CLANG_CXX_LANGUAGE_STANDARD = "gnu++0x";
				CLANG_CXX_LIBRARY = "libc++";
				CLANG_ENABLE_MODULES = YES;
				CLANG_ENABLE_OBJC_ARC = YES;
				CLANG_WARN_BOOL_CONVERSION = YES;
				CLANG_WARN_CONSTANT_CONVERSION = YES;
				CLANG_WARN_DIRECT_OBJC_ISA_USAGE = YES_ERROR;
				CLANG_WARN_EMPTY_BODY = YES;
				CLANG_WARN_ENUM_CONVERSION = YES;
				CLANG_WARN_OBJC_ROOT_CLASS = YES_ERROR;
				CLANG_WARN_UNREACHABLE_CODE = YES;
				CLANG_WARN__DUPLICATE_METHOD_MATCH = YES;
				CODE_SIGN_IDENTITY = "iPhone Developer";
				"CODE_SIGN_IDENTITY[sdk=iphoneos*]" = "iPhone Developer";
				CURRENT_PROJECT_VERSION = 1;
				DEBUG_INFORMATION_FORMAT = "dwarf-with-dsym";
				DEFINES_MODULE = YES;
				DYLIB_COMPATIBILITY_VERSION = 1;
				DYLIB_CURRENT_VERSION = 1;
				DYLIB_INSTALL_NAME_BASE = "@rpath";
				ENABLE_STRICT_OBJC_MSGSEND = YES;
				GCC_C_LANGUAGE_STANDARD = gnu99;
				GCC_NO_COMMON_BLOCKS = YES;
				GCC_PREPROCESSOR_DEFINITIONS = (
					"DEBUG=1",
					"$(inherited)",
				);
				GCC_WARN_ABOUT_RETURN_TYPE = YES_ERROR;
				GCC_WARN_UNDECLARED_SELECTOR = YES;
				GCC_WARN_UNINITIALIZED_AUTOS = YES_AGGRESSIVE;
				GCC_WARN_UNUSED_FUNCTION = YES;
				INFOPLIST_FILE = "Duck-iOS/Info.plist";
				INSTALL_PATH = "$(LOCAL_LIBRARY_DIR)/Frameworks";
				IPHONEOS_DEPLOYMENT_TARGET = 8.3;
				LD_RUNPATH_SEARCH_PATHS = "$(inherited) @executable_path/Frameworks @loader_path/Frameworks";
				MTL_ENABLE_DEBUG_INFO = YES;
				PRODUCT_BUNDLE_IDENTIFIER = "com.Hurlybird.$(PRODUCT_NAME:rfc1034identifier)";
				PRODUCT_NAME = Duck;
				PROVISIONING_PROFILE = "";
				SDKROOT = iphoneos;
				SKIP_INSTALL = YES;
				TARGETED_DEVICE_FAMILY = "1,2";
				VERSIONING_SYSTEM = "apple-generic";
				VERSION_INFO_PREFIX = "";
			};
			name = Debug;
		};
		028F1B151B0E6B6D006FDFDF /* Release */ = {
			isa = XCBuildConfiguration;
			buildSettings = {
				CLANG_CXX_LANGUAGE_STANDARD = "gnu++0x";
				CLANG_CXX_LIBRARY = "libc++";
				CLANG_ENABLE_MODULES = YES;
				CLANG_ENABLE_OBJC_ARC = YES;
				CLANG_WARN_BOOL_CONVERSION = YES;
				CLANG_WARN_CONSTANT_CONVERSION = YES;
				CLANG_WARN_DIRECT_OBJC_ISA_USAGE = YES_ERROR;
				CLANG_WARN_EMPTY_BODY = YES;
				CLANG_WARN_ENUM_CONVERSION = YES;
				CLANG_WARN_OBJC_ROOT_CLASS = YES_ERROR;
				CLANG_WARN_UNREACHABLE_CODE = YES;
				CLANG_WARN__DUPLICATE_METHOD_MATCH = YES;
				CODE_SIGN_IDENTITY = "iPhone Developer";
				"CODE_SIGN_IDENTITY[sdk=iphoneos*]" = "iPhone Developer";
				COPY_PHASE_STRIP = NO;
				CURRENT_PROJECT_VERSION = 1;
				DEFINES_MODULE = YES;
				DYLIB_COMPATIBILITY_VERSION = 1;
				DYLIB_CURRENT_VERSION = 1;
				DYLIB_INSTALL_NAME_BASE = "@rpath";
				ENABLE_NS_ASSERTIONS = NO;
				ENABLE_STRICT_OBJC_MSGSEND = YES;
				GCC_C_LANGUAGE_STANDARD = gnu99;
				GCC_NO_COMMON_BLOCKS = YES;
				GCC_WARN_ABOUT_RETURN_TYPE = YES_ERROR;
				GCC_WARN_UNDECLARED_SELECTOR = YES;
				GCC_WARN_UNINITIALIZED_AUTOS = YES_AGGRESSIVE;
				GCC_WARN_UNUSED_FUNCTION = YES;
				INFOPLIST_FILE = "Duck-iOS/Info.plist";
				INSTALL_PATH = "$(LOCAL_LIBRARY_DIR)/Frameworks";
				IPHONEOS_DEPLOYMENT_TARGET = 8.3;
				LD_RUNPATH_SEARCH_PATHS = "$(inherited) @executable_path/Frameworks @loader_path/Frameworks";
				MTL_ENABLE_DEBUG_INFO = NO;
				PRODUCT_BUNDLE_IDENTIFIER = "com.Hurlybird.$(PRODUCT_NAME:rfc1034identifier)";
				PRODUCT_NAME = Duck;
				PROVISIONING_PROFILE = "";
				SDKROOT = iphoneos;
				SKIP_INSTALL = YES;
				TARGETED_DEVICE_FAMILY = "1,2";
				VALIDATE_PRODUCT = YES;
				VERSIONING_SYSTEM = "apple-generic";
				VERSION_INFO_PREFIX = "";
			};
			name = Release;
		};
/* End XCBuildConfiguration section */

/* Begin XCConfigurationList section */
		024EE3DC148E0B21008FDADC /* Build configuration list for PBXProject "Duck" */ = {
			isa = XCConfigurationList;
			buildConfigurations = (
				024EE3E4148E0B21008FDADC /* Debug */,
				024EE3E5148E0B21008FDADC /* Release */,
			);
			defaultConfigurationIsVisible = 0;
			defaultConfigurationName = Release;
		};
		028F1A9C1B0DCA86006FDFDF /* Build configuration list for PBXNativeTarget "Duck-MacOS" */ = {
			isa = XCConfigurationList;
			buildConfigurations = (
				028F1A9D1B0DCA86006FDFDF /* Debug */,
				028F1A9E1B0DCA86006FDFDF /* Release */,
			);
			defaultConfigurationIsVisible = 0;
			defaultConfigurationName = Release;
		};
		028F1A9F1B0DCA86006FDFDF /* Build configuration list for PBXNativeTarget "Duck-Tests" */ = {
			isa = XCConfigurationList;
			buildConfigurations = (
				028F1AA01B0DCA86006FDFDF /* Debug */,
				028F1AA11B0DCA86006FDFDF /* Release */,
			);
			defaultConfigurationIsVisible = 0;
			defaultConfigurationName = Release;
		};
		028F1B131B0E6B6D006FDFDF /* Build configuration list for PBXNativeTarget "Duck-iOS" */ = {
			isa = XCConfigurationList;
			buildConfigurations = (
				028F1B141B0E6B6D006FDFDF /* Debug */,
				028F1B151B0E6B6D006FDFDF /* Release */,
			);
			defaultConfigurationIsVisible = 0;
			defaultConfigurationName = Release;
		};
/* End XCConfigurationList section */
	};
	rootObject = 024EE3D9148E0B21008FDADC /* Project object */;
}
