// !$*UTF8*$!
{
	archiveVersion = 1;
	classes = {
	};
	objectVersion = 46;
	objects = {

/* Begin PBXBuildFile section */
		0239C6B914FE8F4900873E36 /* DKMemory.h in Headers */ = {isa = PBXBuildFile; fileRef = 0239C6B814FE8F4900873E36 /* DKMemory.h */; };
		024918C818C136700046AA8B /* scl_avltree.h in Headers */ = {isa = PBXBuildFile; fileRef = 024918C718C136700046AA8B /* scl_avltree.h */; };
		024EE3EA148E0BA5008FDADC /* DKData.h in Headers */ = {isa = PBXBuildFile; fileRef = 024EE3E9148E0BA5008FDADC /* DKData.h */; };
		024EE3EC148E0BBA008FDADC /* Duck.h in Headers */ = {isa = PBXBuildFile; fileRef = 024EE3EB148E0BBA008FDADC /* Duck.h */; };
		024EE3F4148E3566008FDADC /* scl_array.h in Headers */ = {isa = PBXBuildFile; fileRef = 024EE3F3148E3566008FDADC /* scl_array.h */; };
		024EE3FA148E42C9008FDADC /* DKLinkedList.h in Headers */ = {isa = PBXBuildFile; fileRef = 024EE3F9148E42C9008FDADC /* DKLinkedList.h */; };
		026B298918CA6987003FC949 /* DKObject.c in Sources */ = {isa = PBXBuildFile; fileRef = 026B298718CA6987003FC949 /* DKObject.c */; };
		026B298A18CA6987003FC949 /* DKObject.h in Headers */ = {isa = PBXBuildFile; fileRef = 026B298818CA6987003FC949 /* DKObject.h */; };
		0274E6FA14901BCF00E6F451 /* DKEnv.h in Headers */ = {isa = PBXBuildFile; fileRef = 0274E6F914901BCF00E6F451 /* DKEnv.h */; };
		0274E6FC14901BDA00E6F451 /* DKEnv.c in Sources */ = {isa = PBXBuildFile; fileRef = 0274E6FB14901BDA00E6F451 /* DKEnv.c */; };
		0274E6FE14901EFE00E6F451 /* scl_buffer.h in Headers */ = {isa = PBXBuildFile; fileRef = 0274E6FD14901EFE00E6F451 /* scl_buffer.h */; };
		0278EA4918CD811B0028A755 /* DKMemory.c in Sources */ = {isa = PBXBuildFile; fileRef = 0239C6BB14FE8F5600873E36 /* DKMemory.c */; };
		0278EA4B18CD92AC0028A755 /* DKList.c in Sources */ = {isa = PBXBuildFile; fileRef = 0278EA4A18CD92AC0028A755 /* DKList.c */; };
		0278EA4C18CDA3810028A755 /* DKLinkedList.c in Sources */ = {isa = PBXBuildFile; fileRef = 024EE3FB148E42D6008FDADC /* DKLinkedList.c */; };
		027E9770148E830200AC8406 /* scl_value.h in Headers */ = {isa = PBXBuildFile; fileRef = 027E976F148E830200AC8406 /* scl_value.h */; };
		027E9783148F2D4400AC8406 /* main.c in Sources */ = {isa = PBXBuildFile; fileRef = 027E9782148F2D4400AC8406 /* main.c */; };
		027E9789148F2D6A00AC8406 /* libDuck.a in Frameworks */ = {isa = PBXBuildFile; fileRef = 024EE3E2148E0B21008FDADC /* libDuck.a */; };
		0283F5BF18D2D93E003B1734 /* DKCopying.c in Sources */ = {isa = PBXBuildFile; fileRef = 0283F5BE18D2D93E003B1734 /* DKCopying.c */; };
		029748BF18CAC2C200863C71 /* DKData.c in Sources */ = {isa = PBXBuildFile; fileRef = 024EE3ED148E0BCD008FDADC /* DKData.c */; };
/* End PBXBuildFile section */

/* Begin PBXContainerItemProxy section */
		02C4204B18CF76BE0039D084 /* PBXContainerItemProxy */ = {
			isa = PBXContainerItemProxy;
			containerPortal = 024EE3D9148E0B21008FDADC /* Project object */;
			proxyType = 1;
			remoteGlobalIDString = 024EE3E1148E0B21008FDADC;
			remoteInfo = Duck;
		};
/* End PBXContainerItemProxy section */

/* Begin PBXCopyFilesBuildPhase section */
		027E977D148F2D4400AC8406 /* CopyFiles */ = {
			isa = PBXCopyFilesBuildPhase;
			buildActionMask = 2147483647;
			dstPath = /usr/share/man/man1/;
			dstSubfolderSpec = 0;
			files = (
			);
			runOnlyForDeploymentPostprocessing = 1;
		};
/* End PBXCopyFilesBuildPhase section */

/* Begin PBXFileReference section */
		0239C6B814FE8F4900873E36 /* DKMemory.h */ = {isa = PBXFileReference; fileEncoding = 4; lastKnownFileType = sourcecode.c.h; path = DKMemory.h; sourceTree = "<group>"; };
		0239C6BB14FE8F5600873E36 /* DKMemory.c */ = {isa = PBXFileReference; fileEncoding = 4; lastKnownFileType = sourcecode.c.c; path = DKMemory.c; sourceTree = "<group>"; };
		024918C718C136700046AA8B /* scl_avltree.h */ = {isa = PBXFileReference; fileEncoding = 4; lastKnownFileType = sourcecode.c.h; path = scl_avltree.h; sourceTree = "<group>"; };
		024918C918C1368B0046AA8B /* scl_avltree.c */ = {isa = PBXFileReference; fileEncoding = 4; lastKnownFileType = sourcecode.c.c; path = scl_avltree.c; sourceTree = "<group>"; };
		024EE3E2148E0B21008FDADC /* libDuck.a */ = {isa = PBXFileReference; explicitFileType = archive.ar; includeInIndex = 0; path = libDuck.a; sourceTree = BUILT_PRODUCTS_DIR; };
		024EE3E9148E0BA5008FDADC /* DKData.h */ = {isa = PBXFileReference; fileEncoding = 4; lastKnownFileType = sourcecode.c.h; path = DKData.h; sourceTree = "<group>"; };
		024EE3EB148E0BBA008FDADC /* Duck.h */ = {isa = PBXFileReference; fileEncoding = 4; lastKnownFileType = sourcecode.c.h; path = Duck.h; sourceTree = "<group>"; };
		024EE3ED148E0BCD008FDADC /* DKData.c */ = {isa = PBXFileReference; fileEncoding = 4; lastKnownFileType = sourcecode.c.c; path = DKData.c; sourceTree = "<group>"; };
		024EE3F3148E3566008FDADC /* scl_array.h */ = {isa = PBXFileReference; fileEncoding = 4; lastKnownFileType = sourcecode.c.h; path = scl_array.h; sourceTree = "<group>"; };
		024EE3F5148E3571008FDADC /* scl_array.c */ = {isa = PBXFileReference; fileEncoding = 4; lastKnownFileType = sourcecode.c.c; path = scl_array.c; sourceTree = "<group>"; };
		024EE3F9148E42C9008FDADC /* DKLinkedList.h */ = {isa = PBXFileReference; fileEncoding = 4; lastKnownFileType = sourcecode.c.h; path = DKLinkedList.h; sourceTree = "<group>"; };
		024EE3FB148E42D6008FDADC /* DKLinkedList.c */ = {isa = PBXFileReference; fileEncoding = 4; lastKnownFileType = sourcecode.c.c; path = DKLinkedList.c; sourceTree = "<group>"; };
		026B298718CA6987003FC949 /* DKObject.c */ = {isa = PBXFileReference; fileEncoding = 4; lastKnownFileType = sourcecode.c.c; path = DKObject.c; sourceTree = "<group>"; };
		026B298818CA6987003FC949 /* DKObject.h */ = {isa = PBXFileReference; fileEncoding = 4; lastKnownFileType = sourcecode.c.h; path = DKObject.h; sourceTree = "<group>"; };
		0274E6F914901BCF00E6F451 /* DKEnv.h */ = {isa = PBXFileReference; fileEncoding = 4; lastKnownFileType = sourcecode.c.h; path = DKEnv.h; sourceTree = "<group>"; };
		0274E6FB14901BDA00E6F451 /* DKEnv.c */ = {isa = PBXFileReference; fileEncoding = 4; lastKnownFileType = sourcecode.c.c; path = DKEnv.c; sourceTree = "<group>"; };
		0274E6FD14901EFE00E6F451 /* scl_buffer.h */ = {isa = PBXFileReference; fileEncoding = 4; lastKnownFileType = sourcecode.c.h; path = scl_buffer.h; sourceTree = "<group>"; };
		0274E6FF14901F0900E6F451 /* scl_buffer.c */ = {isa = PBXFileReference; fileEncoding = 4; lastKnownFileType = sourcecode.c.c; path = scl_buffer.c; sourceTree = "<group>"; };
		0278EA4818CD25170028A755 /* DKList.h */ = {isa = PBXFileReference; lastKnownFileType = sourcecode.c.h; path = DKList.h; sourceTree = "<group>"; };
		0278EA4A18CD92AC0028A755 /* DKList.c */ = {isa = PBXFileReference; fileEncoding = 4; lastKnownFileType = sourcecode.c.c; path = DKList.c; sourceTree = "<group>"; };
		027E976F148E830200AC8406 /* scl_value.h */ = {isa = PBXFileReference; fileEncoding = 4; lastKnownFileType = sourcecode.c.h; path = scl_value.h; sourceTree = "<group>"; };
		027E9771148E84A500AC8406 /* scl_value.c */ = {isa = PBXFileReference; fileEncoding = 4; lastKnownFileType = sourcecode.c.c; path = scl_value.c; sourceTree = "<group>"; };
		027E977F148F2D4400AC8406 /* DuckTestSuite */ = {isa = PBXFileReference; explicitFileType = "compiled.mach-o.executable"; includeInIndex = 0; path = DuckTestSuite; sourceTree = BUILT_PRODUCTS_DIR; };
		027E9782148F2D4400AC8406 /* main.c */ = {isa = PBXFileReference; lastKnownFileType = sourcecode.c.c; path = main.c; sourceTree = "<group>"; };
		0283F5BC18D2AF7B003B1734 /* DKEnvApple.h */ = {isa = PBXFileReference; lastKnownFileType = sourcecode.c.h; path = DKEnvApple.h; sourceTree = "<group>"; };
		0283F5BD18D2D92A003B1734 /* DKCopying.h */ = {isa = PBXFileReference; lastKnownFileType = sourcecode.c.h; path = DKCopying.h; sourceTree = "<group>"; };
		0283F5BE18D2D93E003B1734 /* DKCopying.c */ = {isa = PBXFileReference; fileEncoding = 4; lastKnownFileType = sourcecode.c.c; path = DKCopying.c; sourceTree = "<group>"; };
		02A5E25218C1A61A00CFF9CA /* scl_string.c */ = {isa = PBXFileReference; fileEncoding = 4; lastKnownFileType = sourcecode.c.c; path = scl_string.c; sourceTree = "<group>"; };
		02A5E25418C1A62400CFF9CA /* scl_string.h */ = {isa = PBXFileReference; lastKnownFileType = sourcecode.c.h; path = scl_string.h; sourceTree = "<group>"; };
/* End PBXFileReference section */

/* Begin PBXFrameworksBuildPhase section */
		024EE3DF148E0B21008FDADC /* Frameworks */ = {
			isa = PBXFrameworksBuildPhase;
			buildActionMask = 2147483647;
			files = (
			);
			runOnlyForDeploymentPostprocessing = 0;
		};
		027E977C148F2D4400AC8406 /* Frameworks */ = {
			isa = PBXFrameworksBuildPhase;
			buildActionMask = 2147483647;
			files = (
				027E9789148F2D6A00AC8406 /* libDuck.a in Frameworks */,
			);
			runOnlyForDeploymentPostprocessing = 0;
		};
/* End PBXFrameworksBuildPhase section */

/* Begin PBXGroup section */
		024EE3D7148E0B21008FDADC = {
			isa = PBXGroup;
			children = (
				024EE3EB148E0BBA008FDADC /* Duck.h */,
				0274E6F914901BCF00E6F451 /* DKEnv.h */,
				0283F5BC18D2AF7B003B1734 /* DKEnvApple.h */,
				0274E6FB14901BDA00E6F451 /* DKEnv.c */,
				026B298818CA6987003FC949 /* DKObject.h */,
				026B298718CA6987003FC949 /* DKObject.c */,
				0283F5BD18D2D92A003B1734 /* DKCopying.h */,
				0283F5BE18D2D93E003B1734 /* DKCopying.c */,
				0239C6B814FE8F4900873E36 /* DKMemory.h */,
				0239C6BB14FE8F5600873E36 /* DKMemory.c */,
				024EE3E9148E0BA5008FDADC /* DKData.h */,
				024EE3ED148E0BCD008FDADC /* DKData.c */,
				0278EA4818CD25170028A755 /* DKList.h */,
				0278EA4A18CD92AC0028A755 /* DKList.c */,
				024EE3F9148E42C9008FDADC /* DKLinkedList.h */,
				024EE3FB148E42D6008FDADC /* DKLinkedList.c */,
				027E976F148E830200AC8406 /* scl_value.h */,
				027E9771148E84A500AC8406 /* scl_value.c */,
				0274E6FD14901EFE00E6F451 /* scl_buffer.h */,
				0274E6FF14901F0900E6F451 /* scl_buffer.c */,
				024EE3F3148E3566008FDADC /* scl_array.h */,
				024EE3F5148E3571008FDADC /* scl_array.c */,
				024918C718C136700046AA8B /* scl_avltree.h */,
				024918C918C1368B0046AA8B /* scl_avltree.c */,
				02A5E25418C1A62400CFF9CA /* scl_string.h */,
				02A5E25218C1A61A00CFF9CA /* scl_string.c */,
				027E9781148F2D4400AC8406 /* DuckTestSuite */,
				024EE3E3148E0B21008FDADC /* Products */,
			);
			sourceTree = "<group>";
		};
		024EE3E3148E0B21008FDADC /* Products */ = {
			isa = PBXGroup;
			children = (
				024EE3E2148E0B21008FDADC /* libDuck.a */,
				027E977F148F2D4400AC8406 /* DuckTestSuite */,
			);
			name = Products;
			sourceTree = "<group>";
		};
		027E9781148F2D4400AC8406 /* DuckTestSuite */ = {
			isa = PBXGroup;
			children = (
				027E9782148F2D4400AC8406 /* main.c */,
			);
			path = DuckTestSuite;
			sourceTree = "<group>";
		};
/* End PBXGroup section */

/* Begin PBXHeadersBuildPhase section */
		024EE3E0148E0B21008FDADC /* Headers */ = {
			isa = PBXHeadersBuildPhase;
			buildActionMask = 2147483647;
			files = (
				024EE3EA148E0BA5008FDADC /* DKData.h in Headers */,
				024EE3EC148E0BBA008FDADC /* Duck.h in Headers */,
				024EE3F4148E3566008FDADC /* scl_array.h in Headers */,
				026B298A18CA6987003FC949 /* DKObject.h in Headers */,
				024EE3FA148E42C9008FDADC /* DKLinkedList.h in Headers */,
				027E9770148E830200AC8406 /* scl_value.h in Headers */,
				0274E6FA14901BCF00E6F451 /* DKEnv.h in Headers */,
				0274E6FE14901EFE00E6F451 /* scl_buffer.h in Headers */,
				0239C6B914FE8F4900873E36 /* DKMemory.h in Headers */,
				024918C818C136700046AA8B /* scl_avltree.h in Headers */,
			);
			runOnlyForDeploymentPostprocessing = 0;
		};
/* End PBXHeadersBuildPhase section */

/* Begin PBXNativeTarget section */
		024EE3E1148E0B21008FDADC /* Duck */ = {
			isa = PBXNativeTarget;
			buildConfigurationList = 024EE3E6148E0B21008FDADC /* Build configuration list for PBXNativeTarget "Duck" */;
			buildPhases = (
				024EE3DE148E0B21008FDADC /* Sources */,
				024EE3DF148E0B21008FDADC /* Frameworks */,
				024EE3E0148E0B21008FDADC /* Headers */,
			);
			buildRules = (
			);
			dependencies = (
			);
			name = Duck;
			productName = scl;
			productReference = 024EE3E2148E0B21008FDADC /* libDuck.a */;
			productType = "com.apple.product-type.library.static";
		};
		027E977E148F2D4400AC8406 /* DuckTestSuite */ = {
			isa = PBXNativeTarget;
			buildConfigurationList = 027E9786148F2D4400AC8406 /* Build configuration list for PBXNativeTarget "DuckTestSuite" */;
			buildPhases = (
				027E977B148F2D4400AC8406 /* Sources */,
				027E977C148F2D4400AC8406 /* Frameworks */,
				027E977D148F2D4400AC8406 /* CopyFiles */,
			);
			buildRules = (
			);
			dependencies = (
				02C4204C18CF76BE0039D084 /* PBXTargetDependency */,
			);
			name = DuckTestSuite;
			productName = scl_test;
			productReference = 027E977F148F2D4400AC8406 /* DuckTestSuite */;
			productType = "com.apple.product-type.tool";
		};
/* End PBXNativeTarget section */

/* Begin PBXProject section */
		024EE3D9148E0B21008FDADC /* Project object */ = {
			isa = PBXProject;
			attributes = {
				LastUpgradeCheck = 0420;
				ORGANIZATIONNAME = "Derek W. Nylen";
			};
			buildConfigurationList = 024EE3DC148E0B21008FDADC /* Build configuration list for PBXProject "Duck" */;
			compatibilityVersion = "Xcode 3.2";
			developmentRegion = English;
			hasScannedForEncodings = 0;
			knownRegions = (
				en,
			);
			mainGroup = 024EE3D7148E0B21008FDADC;
			productRefGroup = 024EE3E3148E0B21008FDADC /* Products */;
			projectDirPath = "";
			projectRoot = "";
			targets = (
				024EE3E1148E0B21008FDADC /* Duck */,
				027E977E148F2D4400AC8406 /* DuckTestSuite */,
			);
		};
/* End PBXProject section */

/* Begin PBXSourcesBuildPhase section */
		024EE3DE148E0B21008FDADC /* Sources */ = {
			isa = PBXSourcesBuildPhase;
			buildActionMask = 2147483647;
			files = (
				029748BF18CAC2C200863C71 /* DKData.c in Sources */,
				026B298918CA6987003FC949 /* DKObject.c in Sources */,
				0283F5BF18D2D93E003B1734 /* DKCopying.c in Sources */,
				0274E6FC14901BDA00E6F451 /* DKEnv.c in Sources */,
				0278EA4918CD811B0028A755 /* DKMemory.c in Sources */,
				0278EA4B18CD92AC0028A755 /* DKList.c in Sources */,
				0278EA4C18CDA3810028A755 /* DKLinkedList.c in Sources */,
			);
			runOnlyForDeploymentPostprocessing = 0;
		};
		027E977B148F2D4400AC8406 /* Sources */ = {
			isa = PBXSourcesBuildPhase;
			buildActionMask = 2147483647;
			files = (
				027E9783148F2D4400AC8406 /* main.c in Sources */,
			);
			runOnlyForDeploymentPostprocessing = 0;
		};
/* End PBXSourcesBuildPhase section */

/* Begin PBXTargetDependency section */
		02C4204C18CF76BE0039D084 /* PBXTargetDependency */ = {
			isa = PBXTargetDependency;
			target = 024EE3E1148E0B21008FDADC /* Duck */;
			targetProxy = 02C4204B18CF76BE0039D084 /* PBXContainerItemProxy */;
		};
/* End PBXTargetDependency section */

/* Begin XCBuildConfiguration section */
		024EE3E4148E0B21008FDADC /* Debug */ = {
			isa = XCBuildConfiguration;
			buildSettings = {
				ALWAYS_SEARCH_USER_PATHS = NO;
				ARCHS = "$(ARCHS_STANDARD_64_BIT)";
				COPY_PHASE_STRIP = NO;
				GCC_C_LANGUAGE_STANDARD = gnu99;
				GCC_DYNAMIC_NO_PIC = NO;
				GCC_ENABLE_OBJC_EXCEPTIONS = YES;
				GCC_OPTIMIZATION_LEVEL = 0;
				GCC_PRECOMPILE_PREFIX_HEADER = NO;
				GCC_PREFIX_HEADER = "";
				GCC_PREPROCESSOR_DEFINITIONS = (
					"DEBUG=1",
					"$(inherited)",
				);
				GCC_SYMBOLS_PRIVATE_EXTERN = NO;
				GCC_VERSION = com.apple.compilers.llvm.clang.1_0;
				GCC_WARN_64_TO_32_BIT_CONVERSION = YES;
				GCC_WARN_ABOUT_MISSING_PROTOTYPES = YES;
				GCC_WARN_ABOUT_RETURN_TYPE = YES;
				GCC_WARN_UNUSED_VARIABLE = YES;
				MACOSX_DEPLOYMENT_TARGET = 10.7;
				ONLY_ACTIVE_ARCH = YES;
				SDKROOT = macosx;
			};
			name = Debug;
		};
		024EE3E5148E0B21008FDADC /* Release */ = {
			isa = XCBuildConfiguration;
			buildSettings = {
				ALWAYS_SEARCH_USER_PATHS = NO;
				ARCHS = "$(ARCHS_STANDARD_64_BIT)";
				COPY_PHASE_STRIP = YES;
				DEBUG_INFORMATION_FORMAT = "dwarf-with-dsym";
				GCC_C_LANGUAGE_STANDARD = gnu99;
				GCC_ENABLE_OBJC_EXCEPTIONS = YES;
				GCC_PRECOMPILE_PREFIX_HEADER = NO;
				GCC_PREFIX_HEADER = "";
				GCC_VERSION = com.apple.compilers.llvm.clang.1_0;
				GCC_WARN_64_TO_32_BIT_CONVERSION = YES;
				GCC_WARN_ABOUT_MISSING_PROTOTYPES = YES;
				GCC_WARN_ABOUT_RETURN_TYPE = YES;
				GCC_WARN_UNUSED_VARIABLE = YES;
				MACOSX_DEPLOYMENT_TARGET = 10.7;
				SDKROOT = macosx;
			};
			name = Release;
		};
		024EE3E7148E0B21008FDADC /* Debug */ = {
			isa = XCBuildConfiguration;
			buildSettings = {
				EXECUTABLE_PREFIX = lib;
				PRODUCT_NAME = "$(TARGET_NAME)";
			};
			name = Debug;
		};
		024EE3E8148E0B21008FDADC /* Release */ = {
			isa = XCBuildConfiguration;
			buildSettings = {
				EXECUTABLE_PREFIX = lib;
				PRODUCT_NAME = "$(TARGET_NAME)";
			};
			name = Release;
		};
		027E9787148F2D4400AC8406 /* Debug */ = {
			isa = XCBuildConfiguration;
			buildSettings = {
				PRODUCT_NAME = "$(TARGET_NAME)";
			};
			name = Debug;
		};
		027E9788148F2D4400AC8406 /* Release */ = {
			isa = XCBuildConfiguration;
			buildSettings = {
				PRODUCT_NAME = "$(TARGET_NAME)";
			};
			name = Release;
		};
/* End XCBuildConfiguration section */

/* Begin XCConfigurationList section */
		024EE3DC148E0B21008FDADC /* Build configuration list for PBXProject "Duck" */ = {
			isa = XCConfigurationList;
			buildConfigurations = (
				024EE3E4148E0B21008FDADC /* Debug */,
				024EE3E5148E0B21008FDADC /* Release */,
			);
			defaultConfigurationIsVisible = 0;
			defaultConfigurationName = Release;
		};
		024EE3E6148E0B21008FDADC /* Build configuration list for PBXNativeTarget "Duck" */ = {
			isa = XCConfigurationList;
			buildConfigurations = (
				024EE3E7148E0B21008FDADC /* Debug */,
				024EE3E8148E0B21008FDADC /* Release */,
			);
			defaultConfigurationIsVisible = 0;
			defaultConfigurationName = Release;
		};
		027E9786148F2D4400AC8406 /* Build configuration list for PBXNativeTarget "DuckTestSuite" */ = {
			isa = XCConfigurationList;
			buildConfigurations = (
				027E9787148F2D4400AC8406 /* Debug */,
				027E9788148F2D4400AC8406 /* Release */,
			);
			defaultConfigurationIsVisible = 0;
			defaultConfigurationName = Release;
		};
/* End XCConfigurationList section */
	};
	rootObject = 024EE3D9148E0B21008FDADC /* Project object */;
}
